// !$*UTF8*$!
{
	archiveVersion = 1;
	classes = {
	};
	objectVersion = 46;
	objects = {

/* Begin PBXBuildFile section */
		00E356F31AD99517003FC87E /* openhouse2020Tests.m in Sources */ = {isa = PBXBuildFile; fileRef = 00E356F21AD99517003FC87E /* openhouse2020Tests.m */; };
		013DBB197B2447EE8357C657 /* Raleway 200.ttf in Resources */ = {isa = PBXBuildFile; fileRef = 930E01F0DC7A4F8E89E43CFA /* Raleway 200.ttf */; };
		0381586E2E869908C588AF20 /* libPods-openhouse2020Tests.a in Frameworks */ = {isa = PBXBuildFile; fileRef = FD5899419306941E09F10804 /* libPods-openhouse2020Tests.a */; };
		05A71BF4CFC94907BED85FF2 /* Raleway 700.ttf in Resources */ = {isa = PBXBuildFile; fileRef = 0F95E30781CC4A87841FDC08 /* Raleway 700.ttf */; };
		13B07FBC1A68108700A75B9A /* AppDelegate.m in Sources */ = {isa = PBXBuildFile; fileRef = 13B07FB01A68108700A75B9A /* AppDelegate.m */; };
		13B07FBD1A68108700A75B9A /* LaunchScreen.xib in Resources */ = {isa = PBXBuildFile; fileRef = 13B07FB11A68108700A75B9A /* LaunchScreen.xib */; };
		13B07FBF1A68108700A75B9A /* Images.xcassets in Resources */ = {isa = PBXBuildFile; fileRef = 13B07FB51A68108700A75B9A /* Images.xcassets */; };
		13B07FC11A68108700A75B9A /* main.m in Sources */ = {isa = PBXBuildFile; fileRef = 13B07FB71A68108700A75B9A /* main.m */; };
		15F7267FFB9546748016FECC /* Raleway 100.ttf in Resources */ = {isa = PBXBuildFile; fileRef = 64A7FCDB9FE7497888F58B66 /* Raleway 100.ttf */; };
		19059F94761D4E338C9F05A9 /* IBMPlexSans-LightItalic.ttf in Resources */ = {isa = PBXBuildFile; fileRef = 1BB5E192060646E88C13E15C /* IBMPlexSans-LightItalic.ttf */; };
		1FB6D093F7D94C7D9DCCAE67 /* Raleway 600italic.ttf in Resources */ = {isa = PBXBuildFile; fileRef = 55C3195399AA4F8F9067EEE5 /* Raleway 600italic.ttf */; };
		23B64A9C27CD45DB90E7AD92 /* IBMPlexSans-ExtraLight.ttf in Resources */ = {isa = PBXBuildFile; fileRef = 756BE2D72763464FAD780282 /* IBMPlexSans-ExtraLight.ttf */; };
		240F79013DB545708EB8CFEC /* Raleway 900.ttf in Resources */ = {isa = PBXBuildFile; fileRef = 5EC8022491B8455A8269B359 /* Raleway 900.ttf */; };
		24163AC02365EDDF0064F0F7 /* GoogleService-Info.plist in Resources */ = {isa = PBXBuildFile; fileRef = 24163ABF2365EDDF0064F0F7 /* GoogleService-Info.plist */; };
		2426AF81235FE82500578D2A /* AppCenter-Config.plist in Resources */ = {isa = PBXBuildFile; fileRef = 2426AF80235FE82500578D2A /* AppCenter-Config.plist */; };
		290630737B054C89BE0B360B /* IBMPlexSans-SemiBoldItalic.ttf in Resources */ = {isa = PBXBuildFile; fileRef = 6F2167026E924374BA72EBEE /* IBMPlexSans-SemiBoldItalic.ttf */; };
		2D02E4BC1E0B4A80006451C7 /* AppDelegate.m in Sources */ = {isa = PBXBuildFile; fileRef = 13B07FB01A68108700A75B9A /* AppDelegate.m */; };
		2D02E4BD1E0B4A84006451C7 /* Images.xcassets in Resources */ = {isa = PBXBuildFile; fileRef = 13B07FB51A68108700A75B9A /* Images.xcassets */; };
		2D02E4BF1E0B4AB3006451C7 /* main.m in Sources */ = {isa = PBXBuildFile; fileRef = 13B07FB71A68108700A75B9A /* main.m */; };
		2DCD954D1E0B4F2C00145EB5 /* openhouse2020Tests.m in Sources */ = {isa = PBXBuildFile; fileRef = 00E356F21AD99517003FC87E /* openhouse2020Tests.m */; };
		2F59E5B4CA87419BBB4B926B /* Raleway 300italic.ttf in Resources */ = {isa = PBXBuildFile; fileRef = 8239E411DA704904BCFED8F5 /* Raleway 300italic.ttf */; };
		3A12C0CE8F5642F8B6077193 /* IBMPlexSans-MediumItalic.ttf in Resources */ = {isa = PBXBuildFile; fileRef = 0834D96946AE4ABE815CEEFC /* IBMPlexSans-MediumItalic.ttf */; };
		3ED393AB687D4AACA4D3E311 /* Raleway 500italic.ttf in Resources */ = {isa = PBXBuildFile; fileRef = 07D461C2811045679D290ACB /* Raleway 500italic.ttf */; };
		4CEF8E289BB64178FD5ECFB1 /* libPods-openhouse2020.a in Frameworks */ = {isa = PBXBuildFile; fileRef = 7165642F89EEF3AB990614D3 /* libPods-openhouse2020.a */; };
		5493BE0FA2751A856341C221 /* libPods-openhouse2020-tvOSTests.a in Frameworks */ = {isa = PBXBuildFile; fileRef = 6D418AE442433A3D666CCD29 /* libPods-openhouse2020-tvOSTests.a */; };
		551290CE314B4E72BFCBEE33 /* Raleway 800italic.ttf in Resources */ = {isa = PBXBuildFile; fileRef = 6211E6D715DC4147A6D28D5E /* Raleway 800italic.ttf */; };
		613DCCA554014E9AAAA9B21E /* Raleway 900italic.ttf in Resources */ = {isa = PBXBuildFile; fileRef = 885D8FE8732C45A7A63BD3E5 /* Raleway 900italic.ttf */; };
		6F2CD273701B459FAFAEF5AA /* IBMPlexSans-ExtraLightItalic.ttf in Resources */ = {isa = PBXBuildFile; fileRef = CF09754FE32B4EA990351B6E /* IBMPlexSans-ExtraLightItalic.ttf */; };
		6FC23E76EB5C465991E3781F /* Raleway 300.ttf in Resources */ = {isa = PBXBuildFile; fileRef = B557A7BE9B99491E84A13C87 /* Raleway 300.ttf */; };
		719879085A914298A2B2F5D8 /* IBMPlexSans-SemiBold.ttf in Resources */ = {isa = PBXBuildFile; fileRef = 649C79C6910742BCBBD19233 /* IBMPlexSans-SemiBold.ttf */; };
		755F545F57184675BF998B2B /* Raleway 500.ttf in Resources */ = {isa = PBXBuildFile; fileRef = C4E1E8751C08475EBBF497AE /* Raleway 500.ttf */; };
		7668E0E741A841B880431CFA /* Raleway 200italic.ttf in Resources */ = {isa = PBXBuildFile; fileRef = FCB92CD5A37E4BBCAEECDBEB /* Raleway 200italic.ttf */; };
		7D67195691D14380A555EE28 /* IBMPlexSans-Medium.ttf in Resources */ = {isa = PBXBuildFile; fileRef = 7A7E8BDFECBA4E1BB77644AA /* IBMPlexSans-Medium.ttf */; };
		7DCCABEC87A247C8A450A29D /* IBMPlexSans-Light.ttf in Resources */ = {isa = PBXBuildFile; fileRef = B7B39FE5C1764B889B61F01E /* IBMPlexSans-Light.ttf */; };
		8AD4700453344A8580B64069 /* IBMPlexSans-ThinItalic.ttf in Resources */ = {isa = PBXBuildFile; fileRef = 044B89107AE84F06BB918693 /* IBMPlexSans-ThinItalic.ttf */; };
		8B4A252FCF0041E1B7B8FAEB /* Raleway.ttf in Resources */ = {isa = PBXBuildFile; fileRef = C2E44370C55442088A0E8523 /* Raleway.ttf */; };
		8FE152273420450A9E7C0A2A /* Raleway 600.ttf in Resources */ = {isa = PBXBuildFile; fileRef = 61D1F9AA48574473BC1CAD72 /* Raleway 600.ttf */; };
		9E661DCAB52E49619EABF1BA /* IBMPlexSans-Regular.ttf in Resources */ = {isa = PBXBuildFile; fileRef = DF331C239FE44084A77160B9 /* IBMPlexSans-Regular.ttf */; };
		B0BFBC184DF64E26BEFC4DF4 /* Raleway 800.ttf in Resources */ = {isa = PBXBuildFile; fileRef = DBBEF9879B24481DAF28019F /* Raleway 800.ttf */; };
		BA00600040AF43868AFF934F /* IBMPlexSans-Text.ttf in Resources */ = {isa = PBXBuildFile; fileRef = A014FE7786734994ABD65E07 /* IBMPlexSans-Text.ttf */; };
		CE61821C029F4D6AB9631E38 /* IBMPlexSans-Thin.ttf in Resources */ = {isa = PBXBuildFile; fileRef = 7BB2A5F0243F44EBABE53E9C /* IBMPlexSans-Thin.ttf */; };
		E9CF974AD42147DAB3BC2F15 /* Raleway 100italic.ttf in Resources */ = {isa = PBXBuildFile; fileRef = 38E61FAE8B3942DCB5D87C0E /* Raleway 100italic.ttf */; };
		EE5CC99A4AE94C1D913A9DBD /* Raleway italic.ttf in Resources */ = {isa = PBXBuildFile; fileRef = 0C54675D46B64FC18BDFFEC3 /* Raleway italic.ttf */; };
		F035D7D510114AEEB03DB1BF /* IBMPlexSans-Bold.ttf in Resources */ = {isa = PBXBuildFile; fileRef = ECFEF4EF5D17440AB170E8B9 /* IBMPlexSans-Bold.ttf */; };
		F3C6283645E7469CA9B3F5F2 /* IBMPlexSans-BoldItalic.ttf in Resources */ = {isa = PBXBuildFile; fileRef = BBFAE2D1F9374887AF48CE56 /* IBMPlexSans-BoldItalic.ttf */; };
		F4CF18E31AF04DB18725F4A9 /* IBMPlexSans-TextItalic.ttf in Resources */ = {isa = PBXBuildFile; fileRef = A775319BD4D74CEBBBF4BC57 /* IBMPlexSans-TextItalic.ttf */; };
		F97BCC7853924500B968C903 /* IBMPlexSans-Italic.ttf in Resources */ = {isa = PBXBuildFile; fileRef = 1F8AB120B3024E2288E89D01 /* IBMPlexSans-Italic.ttf */; };
		FA917CF3D99349F487BD7E8D /* Raleway 700italic.ttf in Resources */ = {isa = PBXBuildFile; fileRef = E5C463565AF54F19B21FEBF6 /* Raleway 700italic.ttf */; };
		FE45F2A0A9C2EE63AF0D3113 /* libPods-openhouse2020-tvOS.a in Frameworks */ = {isa = PBXBuildFile; fileRef = 41389A4E2113458E5DDB6E1B /* libPods-openhouse2020-tvOS.a */; };
/* End PBXBuildFile section */

/* Begin PBXContainerItemProxy section */
		00E356F41AD99517003FC87E /* PBXContainerItemProxy */ = {
			isa = PBXContainerItemProxy;
			containerPortal = 83CBB9F71A601CBA00E9B192 /* Project object */;
			proxyType = 1;
			remoteGlobalIDString = 13B07F861A680F5B00A75B9A;
			remoteInfo = openhouse2020;
		};
		2D02E4911E0B4A5D006451C7 /* PBXContainerItemProxy */ = {
			isa = PBXContainerItemProxy;
			containerPortal = 83CBB9F71A601CBA00E9B192 /* Project object */;
			proxyType = 1;
			remoteGlobalIDString = 2D02E47A1E0B4A5D006451C7;
			remoteInfo = "openhouse2020-tvOS";
		};
/* End PBXContainerItemProxy section */

/* Begin PBXFileReference section */
		008F07F21AC5B25A0029DE68 /* main.jsbundle */ = {isa = PBXFileReference; fileEncoding = 4; lastKnownFileType = text; path = main.jsbundle; sourceTree = "<group>"; };
		00E356EE1AD99517003FC87E /* openhouse2020Tests.xctest */ = {isa = PBXFileReference; explicitFileType = wrapper.cfbundle; includeInIndex = 0; path = openhouse2020Tests.xctest; sourceTree = BUILT_PRODUCTS_DIR; };
		00E356F11AD99517003FC87E /* Info.plist */ = {isa = PBXFileReference; lastKnownFileType = text.plist.xml; path = Info.plist; sourceTree = "<group>"; };
		00E356F21AD99517003FC87E /* openhouse2020Tests.m */ = {isa = PBXFileReference; lastKnownFileType = sourcecode.c.objc; path = openhouse2020Tests.m; sourceTree = "<group>"; };
		044B89107AE84F06BB918693 /* IBMPlexSans-ThinItalic.ttf */ = {isa = PBXFileReference; explicitFileType = undefined; fileEncoding = 9; includeInIndex = 0; lastKnownFileType = unknown; name = "IBMPlexSans-ThinItalic.ttf"; path = "../assets/fonts/IBMPlexSans-ThinItalic.ttf"; sourceTree = "<group>"; };
		04CDE2C45BF6E98CC2306B39 /* Pods-openhouse2020.debug.xcconfig */ = {isa = PBXFileReference; includeInIndex = 1; lastKnownFileType = text.xcconfig; name = "Pods-openhouse2020.debug.xcconfig"; path = "Target Support Files/Pods-openhouse2020/Pods-openhouse2020.debug.xcconfig"; sourceTree = "<group>"; };
		074C2C67F6EF64303E6406C8 /* Pods-openhouse2020-tvOSTests.debug.xcconfig */ = {isa = PBXFileReference; includeInIndex = 1; lastKnownFileType = text.xcconfig; name = "Pods-openhouse2020-tvOSTests.debug.xcconfig"; path = "Target Support Files/Pods-openhouse2020-tvOSTests/Pods-openhouse2020-tvOSTests.debug.xcconfig"; sourceTree = "<group>"; };
		07D461C2811045679D290ACB /* Raleway 500italic.ttf */ = {isa = PBXFileReference; explicitFileType = undefined; fileEncoding = 9; includeInIndex = 0; lastKnownFileType = unknown; name = "Raleway 500italic.ttf"; path = "../assets/fonts/Raleway 500italic.ttf"; sourceTree = "<group>"; };
		0834D96946AE4ABE815CEEFC /* IBMPlexSans-MediumItalic.ttf */ = {isa = PBXFileReference; explicitFileType = undefined; fileEncoding = 9; includeInIndex = 0; lastKnownFileType = unknown; name = "IBMPlexSans-MediumItalic.ttf"; path = "../assets/fonts/IBMPlexSans-MediumItalic.ttf"; sourceTree = "<group>"; };
		0A3E5DF86CFBCD855E3E1276 /* Pods-openhouse2020-tvOSTests.release.xcconfig */ = {isa = PBXFileReference; includeInIndex = 1; lastKnownFileType = text.xcconfig; name = "Pods-openhouse2020-tvOSTests.release.xcconfig"; path = "Target Support Files/Pods-openhouse2020-tvOSTests/Pods-openhouse2020-tvOSTests.release.xcconfig"; sourceTree = "<group>"; };
		0C54675D46B64FC18BDFFEC3 /* Raleway italic.ttf */ = {isa = PBXFileReference; explicitFileType = undefined; fileEncoding = 9; includeInIndex = 0; lastKnownFileType = unknown; name = "Raleway italic.ttf"; path = "../assets/fonts/Raleway italic.ttf"; sourceTree = "<group>"; };
		0F95E30781CC4A87841FDC08 /* Raleway 700.ttf */ = {isa = PBXFileReference; explicitFileType = undefined; fileEncoding = 9; includeInIndex = 0; lastKnownFileType = unknown; name = "Raleway 700.ttf"; path = "../assets/fonts/Raleway 700.ttf"; sourceTree = "<group>"; };
		13B07F961A680F5B00A75B9A /* openhouse2020.app */ = {isa = PBXFileReference; explicitFileType = wrapper.application; includeInIndex = 0; path = openhouse2020.app; sourceTree = BUILT_PRODUCTS_DIR; };
		13B07FAF1A68108700A75B9A /* AppDelegate.h */ = {isa = PBXFileReference; fileEncoding = 4; lastKnownFileType = sourcecode.c.h; name = AppDelegate.h; path = openhouse2020/AppDelegate.h; sourceTree = "<group>"; };
		13B07FB01A68108700A75B9A /* AppDelegate.m */ = {isa = PBXFileReference; fileEncoding = 4; lastKnownFileType = sourcecode.c.objc; name = AppDelegate.m; path = openhouse2020/AppDelegate.m; sourceTree = "<group>"; };
		13B07FB21A68108700A75B9A /* Base */ = {isa = PBXFileReference; lastKnownFileType = file.xib; name = Base; path = Base.lproj/LaunchScreen.xib; sourceTree = "<group>"; };
		13B07FB51A68108700A75B9A /* Images.xcassets */ = {isa = PBXFileReference; lastKnownFileType = folder.assetcatalog; name = Images.xcassets; path = openhouse2020/Images.xcassets; sourceTree = "<group>"; };
		13B07FB61A68108700A75B9A /* Info.plist */ = {isa = PBXFileReference; fileEncoding = 4; lastKnownFileType = text.plist.xml; name = Info.plist; path = openhouse2020/Info.plist; sourceTree = "<group>"; };
		13B07FB71A68108700A75B9A /* main.m */ = {isa = PBXFileReference; fileEncoding = 4; lastKnownFileType = sourcecode.c.objc; name = main.m; path = openhouse2020/main.m; sourceTree = "<group>"; };
		1BB5E192060646E88C13E15C /* IBMPlexSans-LightItalic.ttf */ = {isa = PBXFileReference; explicitFileType = undefined; fileEncoding = 9; includeInIndex = 0; lastKnownFileType = unknown; name = "IBMPlexSans-LightItalic.ttf"; path = "../assets/fonts/IBMPlexSans-LightItalic.ttf"; sourceTree = "<group>"; };
		1F8AB120B3024E2288E89D01 /* IBMPlexSans-Italic.ttf */ = {isa = PBXFileReference; explicitFileType = undefined; fileEncoding = 9; includeInIndex = 0; lastKnownFileType = unknown; name = "IBMPlexSans-Italic.ttf"; path = "../assets/fonts/IBMPlexSans-Italic.ttf"; sourceTree = "<group>"; };
		24163ABF2365EDDF0064F0F7 /* GoogleService-Info.plist */ = {isa = PBXFileReference; fileEncoding = 4; lastKnownFileType = text.plist.xml; path = "GoogleService-Info.plist"; sourceTree = "<group>"; };
		2426AF80235FE82500578D2A /* AppCenter-Config.plist */ = {isa = PBXFileReference; fileEncoding = 4; lastKnownFileType = text.plist.xml; name = "AppCenter-Config.plist"; path = "openhouse2020/AppCenter-Config.plist"; sourceTree = "<group>"; };
		2492281923641C3B00E66A7C /* openhouse2020.entitlements */ = {isa = PBXFileReference; lastKnownFileType = text.plist.entitlements; name = openhouse2020.entitlements; path = openhouse2020/openhouse2020.entitlements; sourceTree = "<group>"; };
		2D02E47B1E0B4A5D006451C7 /* openhouse2020-tvOS.app */ = {isa = PBXFileReference; explicitFileType = wrapper.application; includeInIndex = 0; path = "openhouse2020-tvOS.app"; sourceTree = BUILT_PRODUCTS_DIR; };
		2D02E4901E0B4A5D006451C7 /* openhouse2020-tvOSTests.xctest */ = {isa = PBXFileReference; explicitFileType = wrapper.cfbundle; includeInIndex = 0; path = "openhouse2020-tvOSTests.xctest"; sourceTree = BUILT_PRODUCTS_DIR; };
		2EFA161F44DD0B8C36A39D7C /* Pods-openhouse2020Tests.debug.xcconfig */ = {isa = PBXFileReference; includeInIndex = 1; lastKnownFileType = text.xcconfig; name = "Pods-openhouse2020Tests.debug.xcconfig"; path = "Target Support Files/Pods-openhouse2020Tests/Pods-openhouse2020Tests.debug.xcconfig"; sourceTree = "<group>"; };
		38E61FAE8B3942DCB5D87C0E /* Raleway 100italic.ttf */ = {isa = PBXFileReference; explicitFileType = undefined; fileEncoding = 9; includeInIndex = 0; lastKnownFileType = unknown; name = "Raleway 100italic.ttf"; path = "../assets/fonts/Raleway 100italic.ttf"; sourceTree = "<group>"; };
		39D147AD16359B36A942F5ED /* Pods-openhouse2020-tvOS.debug.xcconfig */ = {isa = PBXFileReference; includeInIndex = 1; lastKnownFileType = text.xcconfig; name = "Pods-openhouse2020-tvOS.debug.xcconfig"; path = "Target Support Files/Pods-openhouse2020-tvOS/Pods-openhouse2020-tvOS.debug.xcconfig"; sourceTree = "<group>"; };
		3E37009391C88F8F2199296E /* Pods-openhouse2020.release.xcconfig */ = {isa = PBXFileReference; includeInIndex = 1; lastKnownFileType = text.xcconfig; name = "Pods-openhouse2020.release.xcconfig"; path = "Target Support Files/Pods-openhouse2020/Pods-openhouse2020.release.xcconfig"; sourceTree = "<group>"; };
		41389A4E2113458E5DDB6E1B /* libPods-openhouse2020-tvOS.a */ = {isa = PBXFileReference; explicitFileType = archive.ar; includeInIndex = 0; path = "libPods-openhouse2020-tvOS.a"; sourceTree = BUILT_PRODUCTS_DIR; };
		55C3195399AA4F8F9067EEE5 /* Raleway 600italic.ttf */ = {isa = PBXFileReference; explicitFileType = undefined; fileEncoding = 9; includeInIndex = 0; lastKnownFileType = unknown; name = "Raleway 600italic.ttf"; path = "../assets/fonts/Raleway 600italic.ttf"; sourceTree = "<group>"; };
		5EC8022491B8455A8269B359 /* Raleway 900.ttf */ = {isa = PBXFileReference; explicitFileType = undefined; fileEncoding = 9; includeInIndex = 0; lastKnownFileType = unknown; name = "Raleway 900.ttf"; path = "../assets/fonts/Raleway 900.ttf"; sourceTree = "<group>"; };
		61D1F9AA48574473BC1CAD72 /* Raleway 600.ttf */ = {isa = PBXFileReference; explicitFileType = undefined; fileEncoding = 9; includeInIndex = 0; lastKnownFileType = unknown; name = "Raleway 600.ttf"; path = "../assets/fonts/Raleway 600.ttf"; sourceTree = "<group>"; };
		6211E6D715DC4147A6D28D5E /* Raleway 800italic.ttf */ = {isa = PBXFileReference; explicitFileType = undefined; fileEncoding = 9; includeInIndex = 0; lastKnownFileType = unknown; name = "Raleway 800italic.ttf"; path = "../assets/fonts/Raleway 800italic.ttf"; sourceTree = "<group>"; };
		649C79C6910742BCBBD19233 /* IBMPlexSans-SemiBold.ttf */ = {isa = PBXFileReference; explicitFileType = undefined; fileEncoding = 9; includeInIndex = 0; lastKnownFileType = unknown; name = "IBMPlexSans-SemiBold.ttf"; path = "../assets/fonts/IBMPlexSans-SemiBold.ttf"; sourceTree = "<group>"; };
		64A7FCDB9FE7497888F58B66 /* Raleway 100.ttf */ = {isa = PBXFileReference; explicitFileType = undefined; fileEncoding = 9; includeInIndex = 0; lastKnownFileType = unknown; name = "Raleway 100.ttf"; path = "../assets/fonts/Raleway 100.ttf"; sourceTree = "<group>"; };
		6D418AE442433A3D666CCD29 /* libPods-openhouse2020-tvOSTests.a */ = {isa = PBXFileReference; explicitFileType = archive.ar; includeInIndex = 0; path = "libPods-openhouse2020-tvOSTests.a"; sourceTree = BUILT_PRODUCTS_DIR; };
		6F2167026E924374BA72EBEE /* IBMPlexSans-SemiBoldItalic.ttf */ = {isa = PBXFileReference; explicitFileType = undefined; fileEncoding = 9; includeInIndex = 0; lastKnownFileType = unknown; name = "IBMPlexSans-SemiBoldItalic.ttf"; path = "../assets/fonts/IBMPlexSans-SemiBoldItalic.ttf"; sourceTree = "<group>"; };
		7165642F89EEF3AB990614D3 /* libPods-openhouse2020.a */ = {isa = PBXFileReference; explicitFileType = archive.ar; includeInIndex = 0; path = "libPods-openhouse2020.a"; sourceTree = BUILT_PRODUCTS_DIR; };
		756BE2D72763464FAD780282 /* IBMPlexSans-ExtraLight.ttf */ = {isa = PBXFileReference; explicitFileType = undefined; fileEncoding = 9; includeInIndex = 0; lastKnownFileType = unknown; name = "IBMPlexSans-ExtraLight.ttf"; path = "../assets/fonts/IBMPlexSans-ExtraLight.ttf"; sourceTree = "<group>"; };
		7A7E8BDFECBA4E1BB77644AA /* IBMPlexSans-Medium.ttf */ = {isa = PBXFileReference; explicitFileType = undefined; fileEncoding = 9; includeInIndex = 0; lastKnownFileType = unknown; name = "IBMPlexSans-Medium.ttf"; path = "../assets/fonts/IBMPlexSans-Medium.ttf"; sourceTree = "<group>"; };
		7BB2A5F0243F44EBABE53E9C /* IBMPlexSans-Thin.ttf */ = {isa = PBXFileReference; explicitFileType = undefined; fileEncoding = 9; includeInIndex = 0; lastKnownFileType = unknown; name = "IBMPlexSans-Thin.ttf"; path = "../assets/fonts/IBMPlexSans-Thin.ttf"; sourceTree = "<group>"; };
		7F07BF0920ACEF3665F0CAED /* Pods-openhouse2020-tvOS.release.xcconfig */ = {isa = PBXFileReference; includeInIndex = 1; lastKnownFileType = text.xcconfig; name = "Pods-openhouse2020-tvOS.release.xcconfig"; path = "Target Support Files/Pods-openhouse2020-tvOS/Pods-openhouse2020-tvOS.release.xcconfig"; sourceTree = "<group>"; };
		8239E411DA704904BCFED8F5 /* Raleway 300italic.ttf */ = {isa = PBXFileReference; explicitFileType = undefined; fileEncoding = 9; includeInIndex = 0; lastKnownFileType = unknown; name = "Raleway 300italic.ttf"; path = "../assets/fonts/Raleway 300italic.ttf"; sourceTree = "<group>"; };
		885D8FE8732C45A7A63BD3E5 /* Raleway 900italic.ttf */ = {isa = PBXFileReference; explicitFileType = undefined; fileEncoding = 9; includeInIndex = 0; lastKnownFileType = unknown; name = "Raleway 900italic.ttf"; path = "../assets/fonts/Raleway 900italic.ttf"; sourceTree = "<group>"; };
		930E01F0DC7A4F8E89E43CFA /* Raleway 200.ttf */ = {isa = PBXFileReference; explicitFileType = undefined; fileEncoding = 9; includeInIndex = 0; lastKnownFileType = unknown; name = "Raleway 200.ttf"; path = "../assets/fonts/Raleway 200.ttf"; sourceTree = "<group>"; };
		A014FE7786734994ABD65E07 /* IBMPlexSans-Text.ttf */ = {isa = PBXFileReference; explicitFileType = undefined; fileEncoding = 9; includeInIndex = 0; lastKnownFileType = unknown; name = "IBMPlexSans-Text.ttf"; path = "../assets/fonts/IBMPlexSans-Text.ttf"; sourceTree = "<group>"; };
		A775319BD4D74CEBBBF4BC57 /* IBMPlexSans-TextItalic.ttf */ = {isa = PBXFileReference; explicitFileType = undefined; fileEncoding = 9; includeInIndex = 0; lastKnownFileType = unknown; name = "IBMPlexSans-TextItalic.ttf"; path = "../assets/fonts/IBMPlexSans-TextItalic.ttf"; sourceTree = "<group>"; };
		B557A7BE9B99491E84A13C87 /* Raleway 300.ttf */ = {isa = PBXFileReference; explicitFileType = undefined; fileEncoding = 9; includeInIndex = 0; lastKnownFileType = unknown; name = "Raleway 300.ttf"; path = "../assets/fonts/Raleway 300.ttf"; sourceTree = "<group>"; };
		B7B39FE5C1764B889B61F01E /* IBMPlexSans-Light.ttf */ = {isa = PBXFileReference; explicitFileType = undefined; fileEncoding = 9; includeInIndex = 0; lastKnownFileType = unknown; name = "IBMPlexSans-Light.ttf"; path = "../assets/fonts/IBMPlexSans-Light.ttf"; sourceTree = "<group>"; };
		BBFAE2D1F9374887AF48CE56 /* IBMPlexSans-BoldItalic.ttf */ = {isa = PBXFileReference; explicitFileType = undefined; fileEncoding = 9; includeInIndex = 0; lastKnownFileType = unknown; name = "IBMPlexSans-BoldItalic.ttf"; path = "../assets/fonts/IBMPlexSans-BoldItalic.ttf"; sourceTree = "<group>"; };
		C2E44370C55442088A0E8523 /* Raleway.ttf */ = {isa = PBXFileReference; explicitFileType = undefined; fileEncoding = 9; includeInIndex = 0; lastKnownFileType = unknown; name = Raleway.ttf; path = ../assets/fonts/Raleway.ttf; sourceTree = "<group>"; };
		C4E1E8751C08475EBBF497AE /* Raleway 500.ttf */ = {isa = PBXFileReference; explicitFileType = undefined; fileEncoding = 9; includeInIndex = 0; lastKnownFileType = unknown; name = "Raleway 500.ttf"; path = "../assets/fonts/Raleway 500.ttf"; sourceTree = "<group>"; };
		CF09754FE32B4EA990351B6E /* IBMPlexSans-ExtraLightItalic.ttf */ = {isa = PBXFileReference; explicitFileType = undefined; fileEncoding = 9; includeInIndex = 0; lastKnownFileType = unknown; name = "IBMPlexSans-ExtraLightItalic.ttf"; path = "../assets/fonts/IBMPlexSans-ExtraLightItalic.ttf"; sourceTree = "<group>"; };
		DBBEF9879B24481DAF28019F /* Raleway 800.ttf */ = {isa = PBXFileReference; explicitFileType = undefined; fileEncoding = 9; includeInIndex = 0; lastKnownFileType = unknown; name = "Raleway 800.ttf"; path = "../assets/fonts/Raleway 800.ttf"; sourceTree = "<group>"; };
		DF331C239FE44084A77160B9 /* IBMPlexSans-Regular.ttf */ = {isa = PBXFileReference; explicitFileType = undefined; fileEncoding = 9; includeInIndex = 0; lastKnownFileType = unknown; name = "IBMPlexSans-Regular.ttf"; path = "../assets/fonts/IBMPlexSans-Regular.ttf"; sourceTree = "<group>"; };
		E5C463565AF54F19B21FEBF6 /* Raleway 700italic.ttf */ = {isa = PBXFileReference; explicitFileType = undefined; fileEncoding = 9; includeInIndex = 0; lastKnownFileType = unknown; name = "Raleway 700italic.ttf"; path = "../assets/fonts/Raleway 700italic.ttf"; sourceTree = "<group>"; };
		ECFEF4EF5D17440AB170E8B9 /* IBMPlexSans-Bold.ttf */ = {isa = PBXFileReference; explicitFileType = undefined; fileEncoding = 9; includeInIndex = 0; lastKnownFileType = unknown; name = "IBMPlexSans-Bold.ttf"; path = "../assets/fonts/IBMPlexSans-Bold.ttf"; sourceTree = "<group>"; };
		ED297162215061F000B7C4FE /* JavaScriptCore.framework */ = {isa = PBXFileReference; lastKnownFileType = wrapper.framework; name = JavaScriptCore.framework; path = System/Library/Frameworks/JavaScriptCore.framework; sourceTree = SDKROOT; };
		ED2971642150620600B7C4FE /* JavaScriptCore.framework */ = {isa = PBXFileReference; lastKnownFileType = wrapper.framework; name = JavaScriptCore.framework; path = Platforms/AppleTVOS.platform/Developer/SDKs/AppleTVOS12.0.sdk/System/Library/Frameworks/JavaScriptCore.framework; sourceTree = DEVELOPER_DIR; };
		FAE26FD227AF84FD42670E9F /* Pods-openhouse2020Tests.release.xcconfig */ = {isa = PBXFileReference; includeInIndex = 1; lastKnownFileType = text.xcconfig; name = "Pods-openhouse2020Tests.release.xcconfig"; path = "Target Support Files/Pods-openhouse2020Tests/Pods-openhouse2020Tests.release.xcconfig"; sourceTree = "<group>"; };
		FCB92CD5A37E4BBCAEECDBEB /* Raleway 200italic.ttf */ = {isa = PBXFileReference; explicitFileType = undefined; fileEncoding = 9; includeInIndex = 0; lastKnownFileType = unknown; name = "Raleway 200italic.ttf"; path = "../assets/fonts/Raleway 200italic.ttf"; sourceTree = "<group>"; };
		FD5899419306941E09F10804 /* libPods-openhouse2020Tests.a */ = {isa = PBXFileReference; explicitFileType = archive.ar; includeInIndex = 0; path = "libPods-openhouse2020Tests.a"; sourceTree = BUILT_PRODUCTS_DIR; };
/* End PBXFileReference section */

/* Begin PBXFrameworksBuildPhase section */
		00E356EB1AD99517003FC87E /* Frameworks */ = {
			isa = PBXFrameworksBuildPhase;
			buildActionMask = 2147483647;
			files = (
				0381586E2E869908C588AF20 /* libPods-openhouse2020Tests.a in Frameworks */,
			);
			runOnlyForDeploymentPostprocessing = 0;
		};
		13B07F8C1A680F5B00A75B9A /* Frameworks */ = {
			isa = PBXFrameworksBuildPhase;
			buildActionMask = 2147483647;
			files = (
				4CEF8E289BB64178FD5ECFB1 /* libPods-openhouse2020.a in Frameworks */,
			);
			runOnlyForDeploymentPostprocessing = 0;
		};
		2D02E4781E0B4A5D006451C7 /* Frameworks */ = {
			isa = PBXFrameworksBuildPhase;
			buildActionMask = 2147483647;
			files = (
				FE45F2A0A9C2EE63AF0D3113 /* libPods-openhouse2020-tvOS.a in Frameworks */,
			);
			runOnlyForDeploymentPostprocessing = 0;
		};
		2D02E48D1E0B4A5D006451C7 /* Frameworks */ = {
			isa = PBXFrameworksBuildPhase;
			buildActionMask = 2147483647;
			files = (
				5493BE0FA2751A856341C221 /* libPods-openhouse2020-tvOSTests.a in Frameworks */,
			);
			runOnlyForDeploymentPostprocessing = 0;
		};
/* End PBXFrameworksBuildPhase section */

/* Begin PBXGroup section */
		00E356EF1AD99517003FC87E /* openhouse2020Tests */ = {
			isa = PBXGroup;
			children = (
				00E356F21AD99517003FC87E /* openhouse2020Tests.m */,
				00E356F01AD99517003FC87E /* Supporting Files */,
			);
			path = openhouse2020Tests;
			sourceTree = "<group>";
		};
		00E356F01AD99517003FC87E /* Supporting Files */ = {
			isa = PBXGroup;
			children = (
				00E356F11AD99517003FC87E /* Info.plist */,
			);
			name = "Supporting Files";
			sourceTree = "<group>";
		};
		0845AB025B15107440347CE3 /* Pods */ = {
			isa = PBXGroup;
			children = (
				04CDE2C45BF6E98CC2306B39 /* Pods-openhouse2020.debug.xcconfig */,
				3E37009391C88F8F2199296E /* Pods-openhouse2020.release.xcconfig */,
				39D147AD16359B36A942F5ED /* Pods-openhouse2020-tvOS.debug.xcconfig */,
				7F07BF0920ACEF3665F0CAED /* Pods-openhouse2020-tvOS.release.xcconfig */,
				074C2C67F6EF64303E6406C8 /* Pods-openhouse2020-tvOSTests.debug.xcconfig */,
				0A3E5DF86CFBCD855E3E1276 /* Pods-openhouse2020-tvOSTests.release.xcconfig */,
				2EFA161F44DD0B8C36A39D7C /* Pods-openhouse2020Tests.debug.xcconfig */,
				FAE26FD227AF84FD42670E9F /* Pods-openhouse2020Tests.release.xcconfig */,
			);
			path = Pods;
			sourceTree = "<group>";
		};
		13B07FAE1A68108700A75B9A /* openhouse2020 */ = {
			isa = PBXGroup;
			children = (
				24163ABF2365EDDF0064F0F7 /* GoogleService-Info.plist */,
				2492281923641C3B00E66A7C /* openhouse2020.entitlements */,
				2426AF80235FE82500578D2A /* AppCenter-Config.plist */,
				008F07F21AC5B25A0029DE68 /* main.jsbundle */,
				13B07FAF1A68108700A75B9A /* AppDelegate.h */,
				13B07FB01A68108700A75B9A /* AppDelegate.m */,
				13B07FB51A68108700A75B9A /* Images.xcassets */,
				13B07FB61A68108700A75B9A /* Info.plist */,
				13B07FB11A68108700A75B9A /* LaunchScreen.xib */,
				13B07FB71A68108700A75B9A /* main.m */,
			);
			name = openhouse2020;
			sourceTree = "<group>";
		};
		2D16E6871FA4F8E400B85C8A /* Frameworks */ = {
			isa = PBXGroup;
			children = (
				ED297162215061F000B7C4FE /* JavaScriptCore.framework */,
				ED2971642150620600B7C4FE /* JavaScriptCore.framework */,
				7165642F89EEF3AB990614D3 /* libPods-openhouse2020.a */,
				41389A4E2113458E5DDB6E1B /* libPods-openhouse2020-tvOS.a */,
				6D418AE442433A3D666CCD29 /* libPods-openhouse2020-tvOSTests.a */,
				FD5899419306941E09F10804 /* libPods-openhouse2020Tests.a */,
			);
			name = Frameworks;
			sourceTree = "<group>";
		};
		832341AE1AAA6A7D00B99B32 /* Libraries */ = {
			isa = PBXGroup;
			children = (
			);
			name = Libraries;
			sourceTree = "<group>";
		};
		83CBB9F61A601CBA00E9B192 = {
			isa = PBXGroup;
			children = (
				13B07FAE1A68108700A75B9A /* openhouse2020 */,
				832341AE1AAA6A7D00B99B32 /* Libraries */,
				00E356EF1AD99517003FC87E /* openhouse2020Tests */,
				83CBBA001A601CBA00E9B192 /* Products */,
				2D16E6871FA4F8E400B85C8A /* Frameworks */,
				0845AB025B15107440347CE3 /* Pods */,
				FFC2B3E1F3CC4E6DA403EE29 /* Resources */,
			);
			indentWidth = 2;
			sourceTree = "<group>";
			tabWidth = 2;
			usesTabs = 0;
		};
		83CBBA001A601CBA00E9B192 /* Products */ = {
			isa = PBXGroup;
			children = (
				13B07F961A680F5B00A75B9A /* openhouse2020.app */,
				00E356EE1AD99517003FC87E /* openhouse2020Tests.xctest */,
				2D02E47B1E0B4A5D006451C7 /* openhouse2020-tvOS.app */,
				2D02E4901E0B4A5D006451C7 /* openhouse2020-tvOSTests.xctest */,
			);
			name = Products;
			sourceTree = "<group>";
		};
		FFC2B3E1F3CC4E6DA403EE29 /* Resources */ = {
			isa = PBXGroup;
			children = (
				64A7FCDB9FE7497888F58B66 /* Raleway 100.ttf */,
				38E61FAE8B3942DCB5D87C0E /* Raleway 100italic.ttf */,
				930E01F0DC7A4F8E89E43CFA /* Raleway 200.ttf */,
				FCB92CD5A37E4BBCAEECDBEB /* Raleway 200italic.ttf */,
				B557A7BE9B99491E84A13C87 /* Raleway 300.ttf */,
				8239E411DA704904BCFED8F5 /* Raleway 300italic.ttf */,
				C4E1E8751C08475EBBF497AE /* Raleway 500.ttf */,
				07D461C2811045679D290ACB /* Raleway 500italic.ttf */,
				61D1F9AA48574473BC1CAD72 /* Raleway 600.ttf */,
				55C3195399AA4F8F9067EEE5 /* Raleway 600italic.ttf */,
				0F95E30781CC4A87841FDC08 /* Raleway 700.ttf */,
				E5C463565AF54F19B21FEBF6 /* Raleway 700italic.ttf */,
				DBBEF9879B24481DAF28019F /* Raleway 800.ttf */,
				6211E6D715DC4147A6D28D5E /* Raleway 800italic.ttf */,
				5EC8022491B8455A8269B359 /* Raleway 900.ttf */,
				885D8FE8732C45A7A63BD3E5 /* Raleway 900italic.ttf */,
				0C54675D46B64FC18BDFFEC3 /* Raleway italic.ttf */,
				ECFEF4EF5D17440AB170E8B9 /* IBMPlexSans-Bold.ttf */,
				BBFAE2D1F9374887AF48CE56 /* IBMPlexSans-BoldItalic.ttf */,
				756BE2D72763464FAD780282 /* IBMPlexSans-ExtraLight.ttf */,
				CF09754FE32B4EA990351B6E /* IBMPlexSans-ExtraLightItalic.ttf */,
				1F8AB120B3024E2288E89D01 /* IBMPlexSans-Italic.ttf */,
				B7B39FE5C1764B889B61F01E /* IBMPlexSans-Light.ttf */,
				1BB5E192060646E88C13E15C /* IBMPlexSans-LightItalic.ttf */,
				7A7E8BDFECBA4E1BB77644AA /* IBMPlexSans-Medium.ttf */,
				0834D96946AE4ABE815CEEFC /* IBMPlexSans-MediumItalic.ttf */,
				DF331C239FE44084A77160B9 /* IBMPlexSans-Regular.ttf */,
				649C79C6910742BCBBD19233 /* IBMPlexSans-SemiBold.ttf */,
				6F2167026E924374BA72EBEE /* IBMPlexSans-SemiBoldItalic.ttf */,
				A014FE7786734994ABD65E07 /* IBMPlexSans-Text.ttf */,
				A775319BD4D74CEBBBF4BC57 /* IBMPlexSans-TextItalic.ttf */,
				7BB2A5F0243F44EBABE53E9C /* IBMPlexSans-Thin.ttf */,
				044B89107AE84F06BB918693 /* IBMPlexSans-ThinItalic.ttf */,
				C2E44370C55442088A0E8523 /* Raleway.ttf */,
			);
			name = Resources;
			sourceTree = "<group>";
		};
/* End PBXGroup section */

/* Begin PBXNativeTarget section */
		00E356ED1AD99517003FC87E /* openhouse2020Tests */ = {
			isa = PBXNativeTarget;
			buildConfigurationList = 00E357021AD99517003FC87E /* Build configuration list for PBXNativeTarget "openhouse2020Tests" */;
			buildPhases = (
				ED9D7943A265E0D436AE22D3 /* [CP] Check Pods Manifest.lock */,
				00E356EA1AD99517003FC87E /* Sources */,
				00E356EB1AD99517003FC87E /* Frameworks */,
				00E356EC1AD99517003FC87E /* Resources */,
			);
			buildRules = (
			);
			dependencies = (
				00E356F51AD99517003FC87E /* PBXTargetDependency */,
			);
			name = openhouse2020Tests;
			productName = openhouse2020Tests;
			productReference = 00E356EE1AD99517003FC87E /* openhouse2020Tests.xctest */;
			productType = "com.apple.product-type.bundle.unit-test";
		};
		13B07F861A680F5B00A75B9A /* openhouse2020 */ = {
			isa = PBXNativeTarget;
			buildConfigurationList = 13B07F931A680F5B00A75B9A /* Build configuration list for PBXNativeTarget "openhouse2020" */;
			buildPhases = (
				2E0C2038ADABE82AAC31E6B8 /* [CP] Check Pods Manifest.lock */,
				FD10A7F022414F080027D42C /* Start Packager */,
				13B07F871A680F5B00A75B9A /* Sources */,
				13B07F8C1A680F5B00A75B9A /* Frameworks */,
				13B07F8E1A680F5B00A75B9A /* Resources */,
				00DD1BFF1BD5951E006B06BC /* Bundle React Native code and images */,
				28BAAC5A10CF9BF3A629AC44 /* [CP] Copy Pods Resources */,
				24741EE6C26A4A95287C0615 /* [CP-User] [RNFB] Core Configuration */,
			);
			buildRules = (
			);
			dependencies = (
			);
			name = openhouse2020;
			productName = openhouse2020;
			productReference = 13B07F961A680F5B00A75B9A /* openhouse2020.app */;
			productType = "com.apple.product-type.application";
		};
		2D02E47A1E0B4A5D006451C7 /* openhouse2020-tvOS */ = {
			isa = PBXNativeTarget;
			buildConfigurationList = 2D02E4BA1E0B4A5E006451C7 /* Build configuration list for PBXNativeTarget "openhouse2020-tvOS" */;
			buildPhases = (
				A33F1C43C06226D3FACC601B /* [CP] Check Pods Manifest.lock */,
				FD10A7F122414F3F0027D42C /* Start Packager */,
				2D02E4771E0B4A5D006451C7 /* Sources */,
				2D02E4781E0B4A5D006451C7 /* Frameworks */,
				2D02E4791E0B4A5D006451C7 /* Resources */,
				2D02E4CB1E0B4B27006451C7 /* Bundle React Native Code And Images */,
			);
			buildRules = (
			);
			dependencies = (
			);
			name = "openhouse2020-tvOS";
			productName = "openhouse2020-tvOS";
			productReference = 2D02E47B1E0B4A5D006451C7 /* openhouse2020-tvOS.app */;
			productType = "com.apple.product-type.application";
		};
		2D02E48F1E0B4A5D006451C7 /* openhouse2020-tvOSTests */ = {
			isa = PBXNativeTarget;
			buildConfigurationList = 2D02E4BB1E0B4A5E006451C7 /* Build configuration list for PBXNativeTarget "openhouse2020-tvOSTests" */;
			buildPhases = (
				00CD841C65A3825DA711DD08 /* [CP] Check Pods Manifest.lock */,
				2D02E48C1E0B4A5D006451C7 /* Sources */,
				2D02E48D1E0B4A5D006451C7 /* Frameworks */,
				2D02E48E1E0B4A5D006451C7 /* Resources */,
			);
			buildRules = (
			);
			dependencies = (
				2D02E4921E0B4A5D006451C7 /* PBXTargetDependency */,
			);
			name = "openhouse2020-tvOSTests";
			productName = "openhouse2020-tvOSTests";
			productReference = 2D02E4901E0B4A5D006451C7 /* openhouse2020-tvOSTests.xctest */;
			productType = "com.apple.product-type.bundle.unit-test";
		};
/* End PBXNativeTarget section */

/* Begin PBXProject section */
		83CBB9F71A601CBA00E9B192 /* Project object */ = {
			isa = PBXProject;
			attributes = {
				LastUpgradeCheck = 940;
				ORGANIZATIONNAME = Facebook;
				TargetAttributes = {
					00E356ED1AD99517003FC87E = {
						CreatedOnToolsVersion = 6.2;
						TestTargetID = 13B07F861A680F5B00A75B9A;
					};
					13B07F861A680F5B00A75B9A = {
						DevelopmentTeam = 7K6ZTDFM48;
					};
					2D02E47A1E0B4A5D006451C7 = {
						CreatedOnToolsVersion = 8.2.1;
						ProvisioningStyle = Automatic;
					};
					2D02E48F1E0B4A5D006451C7 = {
						CreatedOnToolsVersion = 8.2.1;
						ProvisioningStyle = Automatic;
						TestTargetID = 2D02E47A1E0B4A5D006451C7;
					};
				};
			};
			buildConfigurationList = 83CBB9FA1A601CBA00E9B192 /* Build configuration list for PBXProject "openhouse2020" */;
			compatibilityVersion = "Xcode 3.2";
			developmentRegion = English;
			hasScannedForEncodings = 0;
			knownRegions = (
				English,
				en,
				Base,
			);
			mainGroup = 83CBB9F61A601CBA00E9B192;
			productRefGroup = 83CBBA001A601CBA00E9B192 /* Products */;
			projectDirPath = "";
			projectRoot = "";
			targets = (
				13B07F861A680F5B00A75B9A /* openhouse2020 */,
				00E356ED1AD99517003FC87E /* openhouse2020Tests */,
				2D02E47A1E0B4A5D006451C7 /* openhouse2020-tvOS */,
				2D02E48F1E0B4A5D006451C7 /* openhouse2020-tvOSTests */,
			);
		};
/* End PBXProject section */

/* Begin PBXResourcesBuildPhase section */
		00E356EC1AD99517003FC87E /* Resources */ = {
			isa = PBXResourcesBuildPhase;
			buildActionMask = 2147483647;
			files = (
			);
			runOnlyForDeploymentPostprocessing = 0;
		};
		13B07F8E1A680F5B00A75B9A /* Resources */ = {
			isa = PBXResourcesBuildPhase;
			buildActionMask = 2147483647;
			files = (
				13B07FBF1A68108700A75B9A /* Images.xcassets in Resources */,
				13B07FBD1A68108700A75B9A /* LaunchScreen.xib in Resources */,
				2426AF81235FE82500578D2A /* AppCenter-Config.plist in Resources */,
				15F7267FFB9546748016FECC /* Raleway 100.ttf in Resources */,
				E9CF974AD42147DAB3BC2F15 /* Raleway 100italic.ttf in Resources */,
				013DBB197B2447EE8357C657 /* Raleway 200.ttf in Resources */,
				7668E0E741A841B880431CFA /* Raleway 200italic.ttf in Resources */,
				6FC23E76EB5C465991E3781F /* Raleway 300.ttf in Resources */,
				2F59E5B4CA87419BBB4B926B /* Raleway 300italic.ttf in Resources */,
				755F545F57184675BF998B2B /* Raleway 500.ttf in Resources */,
				3ED393AB687D4AACA4D3E311 /* Raleway 500italic.ttf in Resources */,
				24163AC02365EDDF0064F0F7 /* GoogleService-Info.plist in Resources */,
				8FE152273420450A9E7C0A2A /* Raleway 600.ttf in Resources */,
				1FB6D093F7D94C7D9DCCAE67 /* Raleway 600italic.ttf in Resources */,
				05A71BF4CFC94907BED85FF2 /* Raleway 700.ttf in Resources */,
				FA917CF3D99349F487BD7E8D /* Raleway 700italic.ttf in Resources */,
				B0BFBC184DF64E26BEFC4DF4 /* Raleway 800.ttf in Resources */,
				551290CE314B4E72BFCBEE33 /* Raleway 800italic.ttf in Resources */,
				240F79013DB545708EB8CFEC /* Raleway 900.ttf in Resources */,
				613DCCA554014E9AAAA9B21E /* Raleway 900italic.ttf in Resources */,
				EE5CC99A4AE94C1D913A9DBD /* Raleway italic.ttf in Resources */,
				F035D7D510114AEEB03DB1BF /* IBMPlexSans-Bold.ttf in Resources */,
				F3C6283645E7469CA9B3F5F2 /* IBMPlexSans-BoldItalic.ttf in Resources */,
				23B64A9C27CD45DB90E7AD92 /* IBMPlexSans-ExtraLight.ttf in Resources */,
				6F2CD273701B459FAFAEF5AA /* IBMPlexSans-ExtraLightItalic.ttf in Resources */,
				F97BCC7853924500B968C903 /* IBMPlexSans-Italic.ttf in Resources */,
				7DCCABEC87A247C8A450A29D /* IBMPlexSans-Light.ttf in Resources */,
				19059F94761D4E338C9F05A9 /* IBMPlexSans-LightItalic.ttf in Resources */,
				7D67195691D14380A555EE28 /* IBMPlexSans-Medium.ttf in Resources */,
				3A12C0CE8F5642F8B6077193 /* IBMPlexSans-MediumItalic.ttf in Resources */,
				9E661DCAB52E49619EABF1BA /* IBMPlexSans-Regular.ttf in Resources */,
				719879085A914298A2B2F5D8 /* IBMPlexSans-SemiBold.ttf in Resources */,
				290630737B054C89BE0B360B /* IBMPlexSans-SemiBoldItalic.ttf in Resources */,
				BA00600040AF43868AFF934F /* IBMPlexSans-Text.ttf in Resources */,
				F4CF18E31AF04DB18725F4A9 /* IBMPlexSans-TextItalic.ttf in Resources */,
				CE61821C029F4D6AB9631E38 /* IBMPlexSans-Thin.ttf in Resources */,
				8AD4700453344A8580B64069 /* IBMPlexSans-ThinItalic.ttf in Resources */,
				8B4A252FCF0041E1B7B8FAEB /* Raleway.ttf in Resources */,
			);
			runOnlyForDeploymentPostprocessing = 0;
		};
		2D02E4791E0B4A5D006451C7 /* Resources */ = {
			isa = PBXResourcesBuildPhase;
			buildActionMask = 2147483647;
			files = (
				2D02E4BD1E0B4A84006451C7 /* Images.xcassets in Resources */,
			);
			runOnlyForDeploymentPostprocessing = 0;
		};
		2D02E48E1E0B4A5D006451C7 /* Resources */ = {
			isa = PBXResourcesBuildPhase;
			buildActionMask = 2147483647;
			files = (
			);
			runOnlyForDeploymentPostprocessing = 0;
		};
/* End PBXResourcesBuildPhase section */

/* Begin PBXShellScriptBuildPhase section */
		00CD841C65A3825DA711DD08 /* [CP] Check Pods Manifest.lock */ = {
			isa = PBXShellScriptBuildPhase;
			buildActionMask = 2147483647;
			files = (
			);
			inputFileListPaths = (
			);
			inputPaths = (
				"${PODS_PODFILE_DIR_PATH}/Podfile.lock",
				"${PODS_ROOT}/Manifest.lock",
			);
			name = "[CP] Check Pods Manifest.lock";
			outputFileListPaths = (
			);
			outputPaths = (
				"$(DERIVED_FILE_DIR)/Pods-openhouse2020-tvOSTests-checkManifestLockResult.txt",
			);
			runOnlyForDeploymentPostprocessing = 0;
			shellPath = /bin/sh;
			shellScript = "diff \"${PODS_PODFILE_DIR_PATH}/Podfile.lock\" \"${PODS_ROOT}/Manifest.lock\" > /dev/null\nif [ $? != 0 ] ; then\n    # print error to STDERR\n    echo \"error: The sandbox is not in sync with the Podfile.lock. Run 'pod install' or update your CocoaPods installation.\" >&2\n    exit 1\nfi\n# This output is used by Xcode 'outputs' to avoid re-running this script phase.\necho \"SUCCESS\" > \"${SCRIPT_OUTPUT_FILE_0}\"\n";
			showEnvVarsInLog = 0;
		};
		00DD1BFF1BD5951E006B06BC /* Bundle React Native code and images */ = {
			isa = PBXShellScriptBuildPhase;
			buildActionMask = 2147483647;
			files = (
			);
			inputPaths = (
			);
			name = "Bundle React Native code and images";
			outputPaths = (
			);
			runOnlyForDeploymentPostprocessing = 0;
			shellPath = /bin/sh;
			shellScript = "export NODE_BINARY=node\n../node_modules/react-native/scripts/react-native-xcode.sh";
		};
		24741EE6C26A4A95287C0615 /* [CP-User] [RNFB] Core Configuration */ = {
			isa = PBXShellScriptBuildPhase;
			buildActionMask = 2147483647;
			files = (
			);
			name = "[CP-User] [RNFB] Core Configuration";
			runOnlyForDeploymentPostprocessing = 0;
			shellPath = /bin/sh;
			shellScript = "#!/usr/bin/env bash\n#\n# Copyright (c) 2016-present Invertase Limited & Contributors\n#\n# Licensed under the Apache License, Version 2.0 (the \"License\");\n# you may not use this library except in compliance with the License.\n# You may obtain a copy of the License at\n#\n#   http://www.apache.org/licenses/LICENSE-2.0\n#\n# Unless required by applicable law or agreed to in writing, software\n# distributed under the License is distributed on an \"AS IS\" BASIS,\n# WITHOUT WARRANTIES OR CONDITIONS OF ANY KIND, either express or implied.\n# See the License for the specific language governing permissions and\n# limitations under the License.\n#\nset -e\n\n_MAX_LOOKUPS=2;\n_SEARCH_RESULT=''\n_RN_ROOT_EXISTS=''\n_CURRENT_LOOKUPS=1\n_JSON_ROOT=\"'react-native'\"\n_JSON_FILE_NAME='firebase.json'\n_JSON_OUTPUT_BASE64='e30=' # { }\n_CURRENT_SEARCH_DIR=${PROJECT_DIR}\n_PLIST_BUDDY=/usr/libexec/PlistBuddy\n_TARGET_PLIST=\"${BUILT_PRODUCTS_DIR}/${INFOPLIST_PATH}\"\n_DSYM_PLIST=\"${DWARF_DSYM_FOLDER_PATH}/${DWARF_DSYM_FILE_NAME}/Contents/Info.plist\"\n\n# plist arrays\n_PLIST_ENTRY_KEYS=()\n_PLIST_ENTRY_TYPES=()\n_PLIST_ENTRY_VALUES=()\n\nfunction setPlistValue {\n  echo \"info:      setting plist entry '$1' of type '$2' in file '$4'\"\n  ${_PLIST_BUDDY} -c \"Add :$1 $2 '$3'\" $4 || echo \"info:      '$1' already exists\"\n}\n\nfunction getFirebaseJsonKeyValue () {\n  if [[ ${_RN_ROOT_EXISTS} ]]; then\n    ruby -e \"require 'rubygems';require 'json'; output=JSON.parse('$1'); puts output[$_JSON_ROOT]['$2']\"\n  else\n    echo \"\"\n  fi;\n}\n\nfunction jsonBoolToYesNo () {\n  if [[ $1 == \"false\" ]]; then\n    echo \"NO\"\n  elif [[ $1 == \"true\" ]]; then\n    echo \"YES\"\n  else echo \"NO\"\n  fi\n}\n\necho \"info: -> RNFB build script started\"\necho \"info: 1) Locating ${_JSON_FILE_NAME} file:\"\n\nif [[ -z ${_CURRENT_SEARCH_DIR} ]]; then\n  _CURRENT_SEARCH_DIR=$(pwd)\nfi;\n\nwhile true; do\n  _CURRENT_SEARCH_DIR=$(dirname \"$_CURRENT_SEARCH_DIR\")\n  if [[ \"$_CURRENT_SEARCH_DIR\" == \"/\" ]] || [[ ${_CURRENT_LOOKUPS} -gt ${_MAX_LOOKUPS} ]]; then break; fi;\n  echo \"info:      ($_CURRENT_LOOKUPS of $_MAX_LOOKUPS) Searching in '$_CURRENT_SEARCH_DIR' for a ${_JSON_FILE_NAME} file.\"\n  _SEARCH_RESULT=$(find \"$_CURRENT_SEARCH_DIR\" -maxdepth 2 -name ${_JSON_FILE_NAME} -print | head -n 1)\n  if [[ ${_SEARCH_RESULT} ]]; then\n    echo \"info:      ${_JSON_FILE_NAME} found at $_SEARCH_RESULT\"\n    break;\n  fi;\n  _CURRENT_LOOKUPS=$((_CURRENT_LOOKUPS+1))\ndone\n\nif [[ ${_SEARCH_RESULT} ]]; then\n  _JSON_OUTPUT_RAW=$(cat \"${_SEARCH_RESULT}\")\n  _RN_ROOT_EXISTS=$(ruby -e \"require 'rubygems';require 'json'; output=JSON.parse('$_JSON_OUTPUT_RAW'); puts output[$_JSON_ROOT]\" || echo '')\n\n  if [[ ${_RN_ROOT_EXISTS} ]]; then\n    _JSON_OUTPUT_BASE64=$(python -c 'import json,sys,base64;print(base64.b64encode(json.dumps(json.loads(open('\"'${_SEARCH_RESULT}'\"').read())['${_JSON_ROOT}'])))' || echo \"e30=\")\n  fi\n\n  _PLIST_ENTRY_KEYS+=(\"firebase_json_raw\")\n  _PLIST_ENTRY_TYPES+=(\"string\")\n  _PLIST_ENTRY_VALUES+=(\"$_JSON_OUTPUT_BASE64\")\n\n  # config.messaging_auto_init_enabled\n  _MESSAGING_AUTO_INIT=$(getFirebaseJsonKeyValue \"$_JSON_OUTPUT_RAW\" \"messaging_auto_init_enabled\")\n  if [[ $_MESSAGING_AUTO_INIT ]]; then\n    _PLIST_ENTRY_KEYS+=(\"FirebaseMessagingAutoInitEnabled\")\n    _PLIST_ENTRY_TYPES+=(\"bool\")\n    _PLIST_ENTRY_VALUES+=(\"$(jsonBoolToYesNo \"$_MESSAGING_AUTO_INIT\")\")\n  fi\n\n  # config.crashlytics_disable_auto_disabler - undocumented for now - mainly for debugging, document if becomes usful\n  _CRASHLYTICS_AUTO_DISABLE_ENABLED=$(getFirebaseJsonKeyValue \"$_JSON_OUTPUT_RAW\" \"crashlytics_disable_auto_disabler\")\n  if [[ $_CRASHLYTICS_AUTO_DISABLE_ENABLED == \"true\" ]]; then\n    echo \"Disabled Crashlytics auto disabler.\" # do nothing\n  else\n    _PLIST_ENTRY_KEYS+=(\"firebase_crashlytics_collection_enabled\")\n    _PLIST_ENTRY_TYPES+=(\"bool\")\n    _PLIST_ENTRY_VALUES+=(\"NO\")\n  fi\n\n  # config.admob_delay_app_measurement_init\n  _ADMOB_DELAY_APP_MEASUREMENT=$(getFirebaseJsonKeyValue \"$_JSON_OUTPUT_RAW\" \"admob_delay_app_measurement_init\")\n  if [[ $_ADMOB_DELAY_APP_MEASUREMENT == \"true\" ]]; then\n    _PLIST_ENTRY_KEYS+=(\"GADDelayAppMeasurementInit\")\n    _PLIST_ENTRY_TYPES+=(\"bool\")\n    _PLIST_ENTRY_VALUES+=(\"YES\")\n  fi\n\n  # config.admob_ios_app_id\n  _ADMOB_IOS_APP_ID=$(getFirebaseJsonKeyValue \"$_JSON_OUTPUT_RAW\" \"admob_ios_app_id\")\n  if [[ $_ADMOB_IOS_APP_ID ]]; then\n    _PLIST_ENTRY_KEYS+=(\"GADApplicationIdentifier\")\n    _PLIST_ENTRY_TYPES+=(\"string\")\n    _PLIST_ENTRY_VALUES+=(\"$_ADMOB_IOS_APP_ID\")\n  fi\nelse\n  _PLIST_ENTRY_KEYS+=(\"firebase_json_raw\")\n  _PLIST_ENTRY_TYPES+=(\"string\")\n  _PLIST_ENTRY_VALUES+=(\"$_JSON_OUTPUT_BASE64\")\n  echo \"warning:   A firebase.json file was not found, whilst this file is optional it is recommended to include it to configure firebase services in React Native Firebase.\"\nfi;\n\necho \"info: 2) Injecting Info.plist entries: \"\n\n# Log out the keys we're adding\nfor i in \"${!_PLIST_ENTRY_KEYS[@]}\"; do\n  echo \"    ->  $i) ${_PLIST_ENTRY_KEYS[$i]}\" \"${_PLIST_ENTRY_TYPES[$i]}\" \"${_PLIST_ENTRY_VALUES[$i]}\"\ndone\n\nfor plist in ${_TARGET_PLIST} ${_DSYM_PLIST} ; do\n  if [[ -f ${plist} ]]; then\n    for i in \"${!_PLIST_ENTRY_KEYS[@]}\"; do\n      setPlistValue \"${_PLIST_ENTRY_KEYS[$i]}\" \"${_PLIST_ENTRY_TYPES[$i]}\" \"${_PLIST_ENTRY_VALUES[$i]}\" \"${plist}\"\n    done\n  else\n    echo \"warning:   A Info.plist build output file was not found (${plist})\"\n  fi\ndone\n\necho \"info: <- RNFB build script finished\"\n\n\n\n";
		};
		28BAAC5A10CF9BF3A629AC44 /* [CP] Copy Pods Resources */ = {
			isa = PBXShellScriptBuildPhase;
			buildActionMask = 2147483647;
			files = (
			);
			inputPaths = (
				"${PODS_ROOT}/Target Support Files/Pods-openhouse2020/Pods-openhouse2020-resources.sh",
				"${PODS_ROOT}/GoogleSignIn/Resources/GoogleSignIn.bundle",
				"${PODS_ROOT}/../../node_modules/react-native-vector-icons/Fonts/AntDesign.ttf",
				"${PODS_ROOT}/../../node_modules/react-native-vector-icons/Fonts/Entypo.ttf",
				"${PODS_ROOT}/../../node_modules/react-native-vector-icons/Fonts/EvilIcons.ttf",
				"${PODS_ROOT}/../../node_modules/react-native-vector-icons/Fonts/Feather.ttf",
				"${PODS_ROOT}/../../node_modules/react-native-vector-icons/Fonts/FontAwesome.ttf",
				"${PODS_ROOT}/../../node_modules/react-native-vector-icons/Fonts/FontAwesome5_Brands.ttf",
				"${PODS_ROOT}/../../node_modules/react-native-vector-icons/Fonts/FontAwesome5_Regular.ttf",
				"${PODS_ROOT}/../../node_modules/react-native-vector-icons/Fonts/FontAwesome5_Solid.ttf",
				"${PODS_ROOT}/../../node_modules/react-native-vector-icons/Fonts/Fontisto.ttf",
				"${PODS_ROOT}/../../node_modules/react-native-vector-icons/Fonts/Foundation.ttf",
				"${PODS_ROOT}/../../node_modules/react-native-vector-icons/Fonts/Ionicons.ttf",
				"${PODS_ROOT}/../../node_modules/react-native-vector-icons/Fonts/MaterialCommunityIcons.ttf",
				"${PODS_ROOT}/../../node_modules/react-native-vector-icons/Fonts/MaterialIcons.ttf",
				"${PODS_ROOT}/../../node_modules/react-native-vector-icons/Fonts/Octicons.ttf",
				"${PODS_ROOT}/../../node_modules/react-native-vector-icons/Fonts/SimpleLineIcons.ttf",
				"${PODS_ROOT}/../../node_modules/react-native-vector-icons/Fonts/Zocial.ttf",
				"${PODS_CONFIGURATION_BUILD_DIR}/gRPC-C++/gRPCCertificates-Cpp.bundle",
			);
			name = "[CP] Copy Pods Resources";
			outputPaths = (
				"${TARGET_BUILD_DIR}/${UNLOCALIZED_RESOURCES_FOLDER_PATH}/GoogleSignIn.bundle",
				"${TARGET_BUILD_DIR}/${UNLOCALIZED_RESOURCES_FOLDER_PATH}/AntDesign.ttf",
				"${TARGET_BUILD_DIR}/${UNLOCALIZED_RESOURCES_FOLDER_PATH}/Entypo.ttf",
				"${TARGET_BUILD_DIR}/${UNLOCALIZED_RESOURCES_FOLDER_PATH}/EvilIcons.ttf",
				"${TARGET_BUILD_DIR}/${UNLOCALIZED_RESOURCES_FOLDER_PATH}/Feather.ttf",
				"${TARGET_BUILD_DIR}/${UNLOCALIZED_RESOURCES_FOLDER_PATH}/FontAwesome.ttf",
				"${TARGET_BUILD_DIR}/${UNLOCALIZED_RESOURCES_FOLDER_PATH}/FontAwesome5_Brands.ttf",
				"${TARGET_BUILD_DIR}/${UNLOCALIZED_RESOURCES_FOLDER_PATH}/FontAwesome5_Regular.ttf",
				"${TARGET_BUILD_DIR}/${UNLOCALIZED_RESOURCES_FOLDER_PATH}/FontAwesome5_Solid.ttf",
				"${TARGET_BUILD_DIR}/${UNLOCALIZED_RESOURCES_FOLDER_PATH}/Fontisto.ttf",
				"${TARGET_BUILD_DIR}/${UNLOCALIZED_RESOURCES_FOLDER_PATH}/Foundation.ttf",
				"${TARGET_BUILD_DIR}/${UNLOCALIZED_RESOURCES_FOLDER_PATH}/Ionicons.ttf",
				"${TARGET_BUILD_DIR}/${UNLOCALIZED_RESOURCES_FOLDER_PATH}/MaterialCommunityIcons.ttf",
				"${TARGET_BUILD_DIR}/${UNLOCALIZED_RESOURCES_FOLDER_PATH}/MaterialIcons.ttf",
				"${TARGET_BUILD_DIR}/${UNLOCALIZED_RESOURCES_FOLDER_PATH}/Octicons.ttf",
				"${TARGET_BUILD_DIR}/${UNLOCALIZED_RESOURCES_FOLDER_PATH}/SimpleLineIcons.ttf",
				"${TARGET_BUILD_DIR}/${UNLOCALIZED_RESOURCES_FOLDER_PATH}/Zocial.ttf",
				"${TARGET_BUILD_DIR}/${UNLOCALIZED_RESOURCES_FOLDER_PATH}/gRPCCertificates-Cpp.bundle",
			);
			runOnlyForDeploymentPostprocessing = 0;
			shellPath = /bin/sh;
			shellScript = "\"${PODS_ROOT}/Target Support Files/Pods-openhouse2020/Pods-openhouse2020-resources.sh\"\n";
			showEnvVarsInLog = 0;
		};
		2D02E4CB1E0B4B27006451C7 /* Bundle React Native Code And Images */ = {
			isa = PBXShellScriptBuildPhase;
			buildActionMask = 2147483647;
			files = (
			);
			inputPaths = (
			);
			name = "Bundle React Native Code And Images";
			outputPaths = (
			);
			runOnlyForDeploymentPostprocessing = 0;
			shellPath = /bin/sh;
			shellScript = "export NODE_BINARY=node\n../node_modules/react-native/scripts/react-native-xcode.sh";
		};
		2E0C2038ADABE82AAC31E6B8 /* [CP] Check Pods Manifest.lock */ = {
			isa = PBXShellScriptBuildPhase;
			buildActionMask = 2147483647;
			files = (
			);
			inputFileListPaths = (
			);
			inputPaths = (
				"${PODS_PODFILE_DIR_PATH}/Podfile.lock",
				"${PODS_ROOT}/Manifest.lock",
			);
			name = "[CP] Check Pods Manifest.lock";
			outputFileListPaths = (
			);
			outputPaths = (
				"$(DERIVED_FILE_DIR)/Pods-openhouse2020-checkManifestLockResult.txt",
			);
			runOnlyForDeploymentPostprocessing = 0;
			shellPath = /bin/sh;
			shellScript = "diff \"${PODS_PODFILE_DIR_PATH}/Podfile.lock\" \"${PODS_ROOT}/Manifest.lock\" > /dev/null\nif [ $? != 0 ] ; then\n    # print error to STDERR\n    echo \"error: The sandbox is not in sync with the Podfile.lock. Run 'pod install' or update your CocoaPods installation.\" >&2\n    exit 1\nfi\n# This output is used by Xcode 'outputs' to avoid re-running this script phase.\necho \"SUCCESS\" > \"${SCRIPT_OUTPUT_FILE_0}\"\n";
			showEnvVarsInLog = 0;
		};
		A33F1C43C06226D3FACC601B /* [CP] Check Pods Manifest.lock */ = {
			isa = PBXShellScriptBuildPhase;
			buildActionMask = 2147483647;
			files = (
			);
			inputFileListPaths = (
			);
			inputPaths = (
				"${PODS_PODFILE_DIR_PATH}/Podfile.lock",
				"${PODS_ROOT}/Manifest.lock",
			);
			name = "[CP] Check Pods Manifest.lock";
			outputFileListPaths = (
			);
			outputPaths = (
				"$(DERIVED_FILE_DIR)/Pods-openhouse2020-tvOS-checkManifestLockResult.txt",
			);
			runOnlyForDeploymentPostprocessing = 0;
			shellPath = /bin/sh;
			shellScript = "diff \"${PODS_PODFILE_DIR_PATH}/Podfile.lock\" \"${PODS_ROOT}/Manifest.lock\" > /dev/null\nif [ $? != 0 ] ; then\n    # print error to STDERR\n    echo \"error: The sandbox is not in sync with the Podfile.lock. Run 'pod install' or update your CocoaPods installation.\" >&2\n    exit 1\nfi\n# This output is used by Xcode 'outputs' to avoid re-running this script phase.\necho \"SUCCESS\" > \"${SCRIPT_OUTPUT_FILE_0}\"\n";
			showEnvVarsInLog = 0;
		};
		ED9D7943A265E0D436AE22D3 /* [CP] Check Pods Manifest.lock */ = {
			isa = PBXShellScriptBuildPhase;
			buildActionMask = 2147483647;
			files = (
			);
			inputFileListPaths = (
			);
			inputPaths = (
				"${PODS_PODFILE_DIR_PATH}/Podfile.lock",
				"${PODS_ROOT}/Manifest.lock",
			);
			name = "[CP] Check Pods Manifest.lock";
			outputFileListPaths = (
			);
			outputPaths = (
				"$(DERIVED_FILE_DIR)/Pods-openhouse2020Tests-checkManifestLockResult.txt",
			);
			runOnlyForDeploymentPostprocessing = 0;
			shellPath = /bin/sh;
			shellScript = "diff \"${PODS_PODFILE_DIR_PATH}/Podfile.lock\" \"${PODS_ROOT}/Manifest.lock\" > /dev/null\nif [ $? != 0 ] ; then\n    # print error to STDERR\n    echo \"error: The sandbox is not in sync with the Podfile.lock. Run 'pod install' or update your CocoaPods installation.\" >&2\n    exit 1\nfi\n# This output is used by Xcode 'outputs' to avoid re-running this script phase.\necho \"SUCCESS\" > \"${SCRIPT_OUTPUT_FILE_0}\"\n";
			showEnvVarsInLog = 0;
		};
		FD10A7F022414F080027D42C /* Start Packager */ = {
			isa = PBXShellScriptBuildPhase;
			buildActionMask = 2147483647;
			files = (
			);
			inputFileListPaths = (
			);
			inputPaths = (
			);
			name = "Start Packager";
			outputFileListPaths = (
			);
			outputPaths = (
			);
			runOnlyForDeploymentPostprocessing = 0;
			shellPath = /bin/sh;
			shellScript = "export RCT_METRO_PORT=\"${RCT_METRO_PORT:=8081}\"\necho \"export RCT_METRO_PORT=${RCT_METRO_PORT}\" > \"${SRCROOT}/../node_modules/react-native/scripts/.packager.env\"\nif [ -z \"${RCT_NO_LAUNCH_PACKAGER+xxx}\" ] ; then\n  if nc -w 5 -z localhost ${RCT_METRO_PORT} ; then\n    if ! curl -s \"http://localhost:${RCT_METRO_PORT}/status\" | grep -q \"packager-status:running\" ; then\n      echo \"Port ${RCT_METRO_PORT} already in use, packager is either not running or not running correctly\"\n      exit 2\n    fi\n  else\n    open \"$SRCROOT/../node_modules/react-native/scripts/launchPackager.command\" || echo \"Can't start packager automatically\"\n  fi\nfi\n";
			showEnvVarsInLog = 0;
		};
		FD10A7F122414F3F0027D42C /* Start Packager */ = {
			isa = PBXShellScriptBuildPhase;
			buildActionMask = 2147483647;
			files = (
			);
			inputFileListPaths = (
			);
			inputPaths = (
			);
			name = "Start Packager";
			outputFileListPaths = (
			);
			outputPaths = (
			);
			runOnlyForDeploymentPostprocessing = 0;
			shellPath = /bin/sh;
			shellScript = "export RCT_METRO_PORT=\"${RCT_METRO_PORT:=8081}\"\necho \"export RCT_METRO_PORT=${RCT_METRO_PORT}\" > \"${SRCROOT}/../node_modules/react-native/scripts/.packager.env\"\nif [ -z \"${RCT_NO_LAUNCH_PACKAGER+xxx}\" ] ; then\n  if nc -w 5 -z localhost ${RCT_METRO_PORT} ; then\n    if ! curl -s \"http://localhost:${RCT_METRO_PORT}/status\" | grep -q \"packager-status:running\" ; then\n      echo \"Port ${RCT_METRO_PORT} already in use, packager is either not running or not running correctly\"\n      exit 2\n    fi\n  else\n    open \"$SRCROOT/../node_modules/react-native/scripts/launchPackager.command\" || echo \"Can't start packager automatically\"\n  fi\nfi\n";
			showEnvVarsInLog = 0;
		};
/* End PBXShellScriptBuildPhase section */

/* Begin PBXSourcesBuildPhase section */
		00E356EA1AD99517003FC87E /* Sources */ = {
			isa = PBXSourcesBuildPhase;
			buildActionMask = 2147483647;
			files = (
				00E356F31AD99517003FC87E /* openhouse2020Tests.m in Sources */,
			);
			runOnlyForDeploymentPostprocessing = 0;
		};
		13B07F871A680F5B00A75B9A /* Sources */ = {
			isa = PBXSourcesBuildPhase;
			buildActionMask = 2147483647;
			files = (
				13B07FBC1A68108700A75B9A /* AppDelegate.m in Sources */,
				13B07FC11A68108700A75B9A /* main.m in Sources */,
			);
			runOnlyForDeploymentPostprocessing = 0;
		};
		2D02E4771E0B4A5D006451C7 /* Sources */ = {
			isa = PBXSourcesBuildPhase;
			buildActionMask = 2147483647;
			files = (
				2D02E4BF1E0B4AB3006451C7 /* main.m in Sources */,
				2D02E4BC1E0B4A80006451C7 /* AppDelegate.m in Sources */,
			);
			runOnlyForDeploymentPostprocessing = 0;
		};
		2D02E48C1E0B4A5D006451C7 /* Sources */ = {
			isa = PBXSourcesBuildPhase;
			buildActionMask = 2147483647;
			files = (
				2DCD954D1E0B4F2C00145EB5 /* openhouse2020Tests.m in Sources */,
			);
			runOnlyForDeploymentPostprocessing = 0;
		};
/* End PBXSourcesBuildPhase section */

/* Begin PBXTargetDependency section */
		00E356F51AD99517003FC87E /* PBXTargetDependency */ = {
			isa = PBXTargetDependency;
			target = 13B07F861A680F5B00A75B9A /* openhouse2020 */;
			targetProxy = 00E356F41AD99517003FC87E /* PBXContainerItemProxy */;
		};
		2D02E4921E0B4A5D006451C7 /* PBXTargetDependency */ = {
			isa = PBXTargetDependency;
			target = 2D02E47A1E0B4A5D006451C7 /* openhouse2020-tvOS */;
			targetProxy = 2D02E4911E0B4A5D006451C7 /* PBXContainerItemProxy */;
		};
/* End PBXTargetDependency section */

/* Begin PBXVariantGroup section */
		13B07FB11A68108700A75B9A /* LaunchScreen.xib */ = {
			isa = PBXVariantGroup;
			children = (
				13B07FB21A68108700A75B9A /* Base */,
			);
			name = LaunchScreen.xib;
			path = openhouse2020;
			sourceTree = "<group>";
		};
/* End PBXVariantGroup section */

/* Begin XCBuildConfiguration section */
		00E356F61AD99517003FC87E /* Debug */ = {
			isa = XCBuildConfiguration;
			baseConfigurationReference = 2EFA161F44DD0B8C36A39D7C /* Pods-openhouse2020Tests.debug.xcconfig */;
			buildSettings = {
				BUNDLE_LOADER = "$(TEST_HOST)";
				GCC_PREPROCESSOR_DEFINITIONS = (
					"DEBUG=1",
					"$(inherited)",
				);
				INFOPLIST_FILE = openhouse2020Tests/Info.plist;
				IPHONEOS_DEPLOYMENT_TARGET = 9.0;
				LD_RUNPATH_SEARCH_PATHS = "$(inherited) @executable_path/Frameworks @loader_path/Frameworks";
				OTHER_LDFLAGS = (
					"-ObjC",
					"-lc++",
					"$(inherited)",
				);
				PRODUCT_BUNDLE_IDENTIFIER = "org.reactjs.native.example.$(PRODUCT_NAME:rfc1034identifier)";
				PRODUCT_NAME = "$(TARGET_NAME)";
				TEST_HOST = "$(BUILT_PRODUCTS_DIR)/openhouse2020.app/openhouse2020";
			};
			name = Debug;
		};
		00E356F71AD99517003FC87E /* Release */ = {
			isa = XCBuildConfiguration;
			baseConfigurationReference = FAE26FD227AF84FD42670E9F /* Pods-openhouse2020Tests.release.xcconfig */;
			buildSettings = {
				BUNDLE_LOADER = "$(TEST_HOST)";
				COPY_PHASE_STRIP = NO;
				INFOPLIST_FILE = openhouse2020Tests/Info.plist;
				IPHONEOS_DEPLOYMENT_TARGET = 9.0;
				LD_RUNPATH_SEARCH_PATHS = "$(inherited) @executable_path/Frameworks @loader_path/Frameworks";
				OTHER_LDFLAGS = (
					"-ObjC",
					"-lc++",
					"$(inherited)",
				);
				PRODUCT_BUNDLE_IDENTIFIER = "org.reactjs.native.example.$(PRODUCT_NAME:rfc1034identifier)";
				PRODUCT_NAME = "$(TARGET_NAME)";
				TEST_HOST = "$(BUILT_PRODUCTS_DIR)/openhouse2020.app/openhouse2020";
			};
			name = Release;
		};
		13B07F941A680F5B00A75B9A /* Debug */ = {
			isa = XCBuildConfiguration;
			baseConfigurationReference = 04CDE2C45BF6E98CC2306B39 /* Pods-openhouse2020.debug.xcconfig */;
			buildSettings = {
				ASSETCATALOG_COMPILER_APPICON_NAME = AppIcon;
				CODE_SIGN_ENTITLEMENTS = openhouse2020/openhouse2020.entitlements;
				CURRENT_PROJECT_VERSION = 1;
				DEAD_CODE_STRIPPING = NO;
				DEVELOPMENT_TEAM = 7K6ZTDFM48;
				HEADER_SEARCH_PATHS = (
					"$(inherited)",
					"\"${PODS_ROOT}/Headers/Public\"",
					"\"${PODS_ROOT}/Headers/Public/AppAuth\"",
					"\"${PODS_ROOT}/Headers/Public/BVLinearGradient\"",
					"\"${PODS_ROOT}/Headers/Public/Base64\"",
					"\"${PODS_ROOT}/Headers/Public/BoringSSL-GRPC\"",
					"\"${PODS_ROOT}/Headers/Public/CodePush\"",
					"\"${PODS_ROOT}/Headers/Public/DoubleConversion\"",
					"\"${PODS_ROOT}/Headers/Public/EXAppLoaderProvider\"",
					"\"${PODS_ROOT}/Headers/Public/EXAppleAuthentication\"",
					"\"${PODS_ROOT}/Headers/Public/EXConstants\"",
					"\"${PODS_ROOT}/Headers/Public/EXFileSystem\"",
					"\"${PODS_ROOT}/Headers/Public/EXPermissions\"",
					"\"${PODS_ROOT}/Headers/Public/FBLazyVector\"",
					"\"${PODS_ROOT}/Headers/Public/FBReactNativeSpec\"",
					"\"${PODS_ROOT}/Headers/Public/Firebase\"",
					"\"${PODS_ROOT}/Headers/Public/FirebaseAuth\"",
					"\"${PODS_ROOT}/Headers/Public/FirebaseAuthInterop\"",
					"\"${PODS_ROOT}/Headers/Public/FirebaseCore\"",
					"\"${PODS_ROOT}/Headers/Public/FirebaseCoreDiagnostics\"",
					"\"${PODS_ROOT}/Headers/Public/FirebaseCoreDiagnosticsInterop\"",
					"\"${PODS_ROOT}/Headers/Public/FirebaseFirestore\"",
					"\"${PODS_ROOT}/Headers/Public/FirebaseInstanceID\"",
					"\"${PODS_ROOT}/Headers/Public/GTMAppAuth\"",
					"\"${PODS_ROOT}/Headers/Public/GTMSessionFetcher\"",
					"\"${PODS_ROOT}/Headers/Public/GoogleDataTransport\"",
					"\"${PODS_ROOT}/Headers/Public/GoogleDataTransportCCTSupport\"",
					"\"${PODS_ROOT}/Headers/Public/GoogleUtilities\"",
					"\"${PODS_ROOT}/Headers/Public/JWT\"",
					"\"${PODS_ROOT}/Headers/Public/Protobuf\"",
					"\"${PODS_ROOT}/Headers/Public/RCTRequired\"",
					"\"${PODS_ROOT}/Headers/Public/RCTTypeSafety\"",
					"\"${PODS_ROOT}/Headers/Public/RNCAsyncStorage\"",
					"\"${PODS_ROOT}/Headers/Public/RNFBApp\"",
					"\"${PODS_ROOT}/Headers/Public/RNFBAuth\"",
					"\"${PODS_ROOT}/Headers/Public/RNFBFirestore\"",
					"\"${PODS_ROOT}/Headers/Public/RNGestureHandler\"",
					"\"${PODS_ROOT}/Headers/Public/RNGoogleSignin\"",
					"\"${PODS_ROOT}/Headers/Public/RNReanimated\"",
					"\"${PODS_ROOT}/Headers/Public/RNScreens\"",
					"\"${PODS_ROOT}/Headers/Public/RNVectorIcons\"",
					"\"${PODS_ROOT}/Headers/Public/React-Core\"",
					"\"${PODS_ROOT}/Headers/Public/React-RCTBlob\"",
					"\"${PODS_ROOT}/Headers/Public/React-RCTText\"",
					"\"${PODS_ROOT}/Headers/Public/React-cxxreact\"",
					"\"${PODS_ROOT}/Headers/Public/React-jsi\"",
					"\"${PODS_ROOT}/Headers/Public/React-jsiexecutor\"",
					"\"${PODS_ROOT}/Headers/Public/React-jsinspector\"",
					"\"${PODS_ROOT}/Headers/Public/ReactCommon\"",
					"\"${PODS_ROOT}/Headers/Public/SSZipArchive\"",
					"\"${PODS_ROOT}/Headers/Public/UMBarCodeScannerInterface\"",
					"\"${PODS_ROOT}/Headers/Public/UMCameraInterface\"",
					"\"${PODS_ROOT}/Headers/Public/UMConstantsInterface\"",
					"\"${PODS_ROOT}/Headers/Public/UMCore\"",
					"\"${PODS_ROOT}/Headers/Public/UMFaceDetectorInterface\"",
					"\"${PODS_ROOT}/Headers/Public/UMFileSystemInterface\"",
					"\"${PODS_ROOT}/Headers/Public/UMFontInterface\"",
					"\"${PODS_ROOT}/Headers/Public/UMImageLoaderInterface\"",
					"\"${PODS_ROOT}/Headers/Public/UMPermissionsInterface\"",
					"\"${PODS_ROOT}/Headers/Public/UMReactNativeAdapter\"",
					"\"${PODS_ROOT}/Headers/Public/UMSensorsInterface\"",
					"\"${PODS_ROOT}/Headers/Public/UMTaskManagerInterface\"",
					"\"${PODS_ROOT}/Headers/Public/Yoga\"",
					"\"${PODS_ROOT}/Headers/Public/appcenter\"",
					"\"${PODS_ROOT}/Headers/Public/appcenter-analytics\"",
					"\"${PODS_ROOT}/Headers/Public/appcenter-crashes\"",
					"\"${PODS_ROOT}/Headers/Public/appcenter-push\"",
					"\"${PODS_ROOT}/Headers/Public/gRPC-C++\"",
					"\"${PODS_ROOT}/Headers/Public/gRPC-Core\"",
					"\"${PODS_ROOT}/Headers/Public/glog\"",
					"\"${PODS_ROOT}/Headers/Public/leveldb-library\"",
					"\"${PODS_ROOT}/Headers/Public/nanopb\"",
					"$(inherited)",
					"${PODS_ROOT}/Firebase/CoreOnly/Sources",
					"\"$(PODS_ROOT)/Headers/Private/React-Core\"",
				);
				INFOPLIST_FILE = openhouse2020/Info.plist;
				LD_RUNPATH_SEARCH_PATHS = "$(inherited) @executable_path/Frameworks";
				OTHER_LDFLAGS = (
					"$(inherited)",
					"-ObjC",
					"-lc++",
				);
				PRODUCT_BUNDLE_IDENTIFIER = com.qinguan.sstopenhouse2020;
				PRODUCT_NAME = openhouse2020;
				VERSIONING_SYSTEM = "apple-generic";
			};
			name = Debug;
		};
		13B07F951A680F5B00A75B9A /* Release */ = {
			isa = XCBuildConfiguration;
			baseConfigurationReference = 3E37009391C88F8F2199296E /* Pods-openhouse2020.release.xcconfig */;
			buildSettings = {
				ASSETCATALOG_COMPILER_APPICON_NAME = AppIcon;
				CODE_SIGN_ENTITLEMENTS = openhouse2020/openhouse2020.entitlements;
				CURRENT_PROJECT_VERSION = 1;
				DEVELOPMENT_TEAM = 7K6ZTDFM48;
				HEADER_SEARCH_PATHS = (
					"$(inherited)",
					"\"${PODS_ROOT}/Headers/Public\"",
					"\"${PODS_ROOT}/Headers/Public/AppAuth\"",
					"\"${PODS_ROOT}/Headers/Public/BVLinearGradient\"",
					"\"${PODS_ROOT}/Headers/Public/Base64\"",
					"\"${PODS_ROOT}/Headers/Public/BoringSSL-GRPC\"",
					"\"${PODS_ROOT}/Headers/Public/CodePush\"",
					"\"${PODS_ROOT}/Headers/Public/DoubleConversion\"",
					"\"${PODS_ROOT}/Headers/Public/EXAppLoaderProvider\"",
					"\"${PODS_ROOT}/Headers/Public/EXAppleAuthentication\"",
					"\"${PODS_ROOT}/Headers/Public/EXConstants\"",
					"\"${PODS_ROOT}/Headers/Public/EXFileSystem\"",
					"\"${PODS_ROOT}/Headers/Public/EXPermissions\"",
					"\"${PODS_ROOT}/Headers/Public/FBLazyVector\"",
					"\"${PODS_ROOT}/Headers/Public/FBReactNativeSpec\"",
					"\"${PODS_ROOT}/Headers/Public/Firebase\"",
					"\"${PODS_ROOT}/Headers/Public/FirebaseAuth\"",
					"\"${PODS_ROOT}/Headers/Public/FirebaseAuthInterop\"",
					"\"${PODS_ROOT}/Headers/Public/FirebaseCore\"",
					"\"${PODS_ROOT}/Headers/Public/FirebaseCoreDiagnostics\"",
					"\"${PODS_ROOT}/Headers/Public/FirebaseCoreDiagnosticsInterop\"",
					"\"${PODS_ROOT}/Headers/Public/FirebaseFirestore\"",
					"\"${PODS_ROOT}/Headers/Public/FirebaseInstanceID\"",
					"\"${PODS_ROOT}/Headers/Public/GTMAppAuth\"",
					"\"${PODS_ROOT}/Headers/Public/GTMSessionFetcher\"",
					"\"${PODS_ROOT}/Headers/Public/GoogleDataTransport\"",
					"\"${PODS_ROOT}/Headers/Public/GoogleDataTransportCCTSupport\"",
					"\"${PODS_ROOT}/Headers/Public/GoogleUtilities\"",
					"\"${PODS_ROOT}/Headers/Public/JWT\"",
					"\"${PODS_ROOT}/Headers/Public/Protobuf\"",
					"\"${PODS_ROOT}/Headers/Public/RCTRequired\"",
					"\"${PODS_ROOT}/Headers/Public/RCTTypeSafety\"",
					"\"${PODS_ROOT}/Headers/Public/RNCAsyncStorage\"",
					"\"${PODS_ROOT}/Headers/Public/RNFBApp\"",
					"\"${PODS_ROOT}/Headers/Public/RNFBAuth\"",
					"\"${PODS_ROOT}/Headers/Public/RNFBFirestore\"",
					"\"${PODS_ROOT}/Headers/Public/RNGestureHandler\"",
					"\"${PODS_ROOT}/Headers/Public/RNGoogleSignin\"",
					"\"${PODS_ROOT}/Headers/Public/RNReanimated\"",
					"\"${PODS_ROOT}/Headers/Public/RNScreens\"",
					"\"${PODS_ROOT}/Headers/Public/RNVectorIcons\"",
					"\"${PODS_ROOT}/Headers/Public/React-Core\"",
					"\"${PODS_ROOT}/Headers/Public/React-RCTBlob\"",
					"\"${PODS_ROOT}/Headers/Public/React-RCTText\"",
					"\"${PODS_ROOT}/Headers/Public/React-cxxreact\"",
					"\"${PODS_ROOT}/Headers/Public/React-jsi\"",
					"\"${PODS_ROOT}/Headers/Public/React-jsiexecutor\"",
					"\"${PODS_ROOT}/Headers/Public/React-jsinspector\"",
					"\"${PODS_ROOT}/Headers/Public/ReactCommon\"",
					"\"${PODS_ROOT}/Headers/Public/SSZipArchive\"",
					"\"${PODS_ROOT}/Headers/Public/UMBarCodeScannerInterface\"",
					"\"${PODS_ROOT}/Headers/Public/UMCameraInterface\"",
					"\"${PODS_ROOT}/Headers/Public/UMConstantsInterface\"",
					"\"${PODS_ROOT}/Headers/Public/UMCore\"",
					"\"${PODS_ROOT}/Headers/Public/UMFaceDetectorInterface\"",
					"\"${PODS_ROOT}/Headers/Public/UMFileSystemInterface\"",
					"\"${PODS_ROOT}/Headers/Public/UMFontInterface\"",
					"\"${PODS_ROOT}/Headers/Public/UMImageLoaderInterface\"",
					"\"${PODS_ROOT}/Headers/Public/UMPermissionsInterface\"",
					"\"${PODS_ROOT}/Headers/Public/UMReactNativeAdapter\"",
					"\"${PODS_ROOT}/Headers/Public/UMSensorsInterface\"",
					"\"${PODS_ROOT}/Headers/Public/UMTaskManagerInterface\"",
					"\"${PODS_ROOT}/Headers/Public/Yoga\"",
					"\"${PODS_ROOT}/Headers/Public/appcenter\"",
					"\"${PODS_ROOT}/Headers/Public/appcenter-analytics\"",
					"\"${PODS_ROOT}/Headers/Public/appcenter-crashes\"",
					"\"${PODS_ROOT}/Headers/Public/appcenter-push\"",
					"\"${PODS_ROOT}/Headers/Public/gRPC-C++\"",
					"\"${PODS_ROOT}/Headers/Public/gRPC-Core\"",
					"\"${PODS_ROOT}/Headers/Public/glog\"",
					"\"${PODS_ROOT}/Headers/Public/leveldb-library\"",
					"\"${PODS_ROOT}/Headers/Public/nanopb\"",
					"$(inherited)",
					"${PODS_ROOT}/Firebase/CoreOnly/Sources",
					"\"$(PODS_ROOT)/Headers/Private/React-Core\"",
				);
				INFOPLIST_FILE = openhouse2020/Info.plist;
				LD_RUNPATH_SEARCH_PATHS = "$(inherited) @executable_path/Frameworks";
				OTHER_LDFLAGS = (
					"$(inherited)",
					"-ObjC",
					"-lc++",
				);
				PRODUCT_BUNDLE_IDENTIFIER = com.qinguan.sstopenhouse2020;
				PRODUCT_NAME = openhouse2020;
				VERSIONING_SYSTEM = "apple-generic";
			};
			name = Release;
		};
		2D02E4971E0B4A5E006451C7 /* Debug */ = {
			isa = XCBuildConfiguration;
			baseConfigurationReference = 39D147AD16359B36A942F5ED /* Pods-openhouse2020-tvOS.debug.xcconfig */;
			buildSettings = {
				ASSETCATALOG_COMPILER_APPICON_NAME = "App Icon & Top Shelf Image";
				ASSETCATALOG_COMPILER_LAUNCHIMAGE_NAME = LaunchImage;
				CLANG_ANALYZER_NONNULL = YES;
				CLANG_WARN_DOCUMENTATION_COMMENTS = YES;
				CLANG_WARN_INFINITE_RECURSION = YES;
				CLANG_WARN_SUSPICIOUS_MOVE = YES;
				DEBUG_INFORMATION_FORMAT = dwarf;
				ENABLE_TESTABILITY = YES;
				GCC_NO_COMMON_BLOCKS = YES;
				INFOPLIST_FILE = "openhouse2020-tvOS/Info.plist";
				LD_RUNPATH_SEARCH_PATHS = "$(inherited) @executable_path/Frameworks";
				OTHER_LDFLAGS = (
					"$(inherited)",
					"-ObjC",
					"-lc++",
				);
				PRODUCT_BUNDLE_IDENTIFIER = "com.facebook.REACT.openhouse2020-tvOS";
				PRODUCT_NAME = "$(TARGET_NAME)";
				SDKROOT = appletvos;
				TARGETED_DEVICE_FAMILY = 3;
				TVOS_DEPLOYMENT_TARGET = 9.2;
			};
			name = Debug;
		};
		2D02E4981E0B4A5E006451C7 /* Release */ = {
			isa = XCBuildConfiguration;
			baseConfigurationReference = 7F07BF0920ACEF3665F0CAED /* Pods-openhouse2020-tvOS.release.xcconfig */;
			buildSettings = {
				ASSETCATALOG_COMPILER_APPICON_NAME = "App Icon & Top Shelf Image";
				ASSETCATALOG_COMPILER_LAUNCHIMAGE_NAME = LaunchImage;
				CLANG_ANALYZER_NONNULL = YES;
				CLANG_WARN_DOCUMENTATION_COMMENTS = YES;
				CLANG_WARN_INFINITE_RECURSION = YES;
				CLANG_WARN_SUSPICIOUS_MOVE = YES;
				COPY_PHASE_STRIP = NO;
				DEBUG_INFORMATION_FORMAT = "dwarf-with-dsym";
				GCC_NO_COMMON_BLOCKS = YES;
				INFOPLIST_FILE = "openhouse2020-tvOS/Info.plist";
				LD_RUNPATH_SEARCH_PATHS = "$(inherited) @executable_path/Frameworks";
				OTHER_LDFLAGS = (
					"$(inherited)",
					"-ObjC",
					"-lc++",
				);
				PRODUCT_BUNDLE_IDENTIFIER = "com.facebook.REACT.openhouse2020-tvOS";
				PRODUCT_NAME = "$(TARGET_NAME)";
				SDKROOT = appletvos;
				TARGETED_DEVICE_FAMILY = 3;
				TVOS_DEPLOYMENT_TARGET = 9.2;
			};
			name = Release;
		};
		2D02E4991E0B4A5E006451C7 /* Debug */ = {
			isa = XCBuildConfiguration;
			baseConfigurationReference = 074C2C67F6EF64303E6406C8 /* Pods-openhouse2020-tvOSTests.debug.xcconfig */;
			buildSettings = {
				BUNDLE_LOADER = "$(TEST_HOST)";
				CLANG_ANALYZER_NONNULL = YES;
				CLANG_WARN_DOCUMENTATION_COMMENTS = YES;
				CLANG_WARN_INFINITE_RECURSION = YES;
				CLANG_WARN_SUSPICIOUS_MOVE = YES;
				DEBUG_INFORMATION_FORMAT = dwarf;
				ENABLE_TESTABILITY = YES;
				GCC_NO_COMMON_BLOCKS = YES;
				INFOPLIST_FILE = "openhouse2020-tvOSTests/Info.plist";
				LD_RUNPATH_SEARCH_PATHS = "$(inherited) @executable_path/Frameworks @loader_path/Frameworks";
				OTHER_LDFLAGS = (
					"$(inherited)",
					"-ObjC",
					"-lc++",
				);
				PRODUCT_BUNDLE_IDENTIFIER = "com.facebook.REACT.openhouse2020-tvOSTests";
				PRODUCT_NAME = "$(TARGET_NAME)";
				SDKROOT = appletvos;
				TEST_HOST = "$(BUILT_PRODUCTS_DIR)/openhouse2020-tvOS.app/openhouse2020-tvOS";
				TVOS_DEPLOYMENT_TARGET = 10.1;
			};
			name = Debug;
		};
		2D02E49A1E0B4A5E006451C7 /* Release */ = {
			isa = XCBuildConfiguration;
			baseConfigurationReference = 0A3E5DF86CFBCD855E3E1276 /* Pods-openhouse2020-tvOSTests.release.xcconfig */;
			buildSettings = {
				BUNDLE_LOADER = "$(TEST_HOST)";
				CLANG_ANALYZER_NONNULL = YES;
				CLANG_WARN_DOCUMENTATION_COMMENTS = YES;
				CLANG_WARN_INFINITE_RECURSION = YES;
				CLANG_WARN_SUSPICIOUS_MOVE = YES;
				COPY_PHASE_STRIP = NO;
				DEBUG_INFORMATION_FORMAT = "dwarf-with-dsym";
				GCC_NO_COMMON_BLOCKS = YES;
				INFOPLIST_FILE = "openhouse2020-tvOSTests/Info.plist";
				LD_RUNPATH_SEARCH_PATHS = "$(inherited) @executable_path/Frameworks @loader_path/Frameworks";
				OTHER_LDFLAGS = (
					"$(inherited)",
					"-ObjC",
					"-lc++",
				);
				PRODUCT_BUNDLE_IDENTIFIER = "com.facebook.REACT.openhouse2020-tvOSTests";
				PRODUCT_NAME = "$(TARGET_NAME)";
				SDKROOT = appletvos;
				TEST_HOST = "$(BUILT_PRODUCTS_DIR)/openhouse2020-tvOS.app/openhouse2020-tvOS";
				TVOS_DEPLOYMENT_TARGET = 10.1;
			};
			name = Release;
		};
		83CBBA201A601CBA00E9B192 /* Debug */ = {
			isa = XCBuildConfiguration;
			buildSettings = {
				ALWAYS_SEARCH_USER_PATHS = NO;
				CLANG_CXX_LANGUAGE_STANDARD = "gnu++0x";
				CLANG_CXX_LIBRARY = "libc++";
				CLANG_ENABLE_MODULES = YES;
				CLANG_ENABLE_OBJC_ARC = YES;
				CLANG_WARN_BLOCK_CAPTURE_AUTORELEASING = YES;
				CLANG_WARN_BOOL_CONVERSION = YES;
				CLANG_WARN_COMMA = YES;
				CLANG_WARN_CONSTANT_CONVERSION = YES;
				CLANG_WARN_DEPRECATED_OBJC_IMPLEMENTATIONS = YES;
				CLANG_WARN_DIRECT_OBJC_ISA_USAGE = YES_ERROR;
				CLANG_WARN_EMPTY_BODY = YES;
				CLANG_WARN_ENUM_CONVERSION = YES;
				CLANG_WARN_INFINITE_RECURSION = YES;
				CLANG_WARN_INT_CONVERSION = YES;
				CLANG_WARN_NON_LITERAL_NULL_CONVERSION = YES;
				CLANG_WARN_OBJC_IMPLICIT_RETAIN_SELF = YES;
				CLANG_WARN_OBJC_LITERAL_CONVERSION = YES;
				CLANG_WARN_OBJC_ROOT_CLASS = YES_ERROR;
				CLANG_WARN_RANGE_LOOP_ANALYSIS = YES;
				CLANG_WARN_STRICT_PROTOTYPES = YES;
				CLANG_WARN_SUSPICIOUS_MOVE = YES;
				CLANG_WARN_UNREACHABLE_CODE = YES;
				CLANG_WARN__DUPLICATE_METHOD_MATCH = YES;
				"CODE_SIGN_IDENTITY[sdk=iphoneos*]" = "iPhone Developer";
				COPY_PHASE_STRIP = NO;
				ENABLE_STRICT_OBJC_MSGSEND = YES;
				ENABLE_TESTABILITY = YES;
				GCC_C_LANGUAGE_STANDARD = gnu99;
				GCC_DYNAMIC_NO_PIC = NO;
				GCC_NO_COMMON_BLOCKS = YES;
				GCC_OPTIMIZATION_LEVEL = 0;
				GCC_PREPROCESSOR_DEFINITIONS = (
					"DEBUG=1",
					"$(inherited)",
				);
				GCC_SYMBOLS_PRIVATE_EXTERN = NO;
				GCC_WARN_64_TO_32_BIT_CONVERSION = YES;
				GCC_WARN_ABOUT_RETURN_TYPE = YES_ERROR;
				GCC_WARN_UNDECLARED_SELECTOR = YES;
				GCC_WARN_UNINITIALIZED_AUTOS = YES_AGGRESSIVE;
				GCC_WARN_UNUSED_FUNCTION = YES;
				GCC_WARN_UNUSED_VARIABLE = YES;
				IPHONEOS_DEPLOYMENT_TARGET = 9.0;
				MTL_ENABLE_DEBUG_INFO = YES;
				ONLY_ACTIVE_ARCH = YES;
				SDKROOT = iphoneos;
			};
			name = Debug;
		};
		83CBBA211A601CBA00E9B192 /* Release */ = {
			isa = XCBuildConfiguration;
			buildSettings = {
				ALWAYS_SEARCH_USER_PATHS = NO;
				CLANG_CXX_LANGUAGE_STANDARD = "gnu++0x";
				CLANG_CXX_LIBRARY = "libc++";
				CLANG_ENABLE_MODULES = YES;
				CLANG_ENABLE_OBJC_ARC = YES;
				CLANG_WARN_BLOCK_CAPTURE_AUTORELEASING = YES;
				CLANG_WARN_BOOL_CONVERSION = YES;
				CLANG_WARN_COMMA = YES;
				CLANG_WARN_CONSTANT_CONVERSION = YES;
				CLANG_WARN_DEPRECATED_OBJC_IMPLEMENTATIONS = YES;
				CLANG_WARN_DIRECT_OBJC_ISA_USAGE = YES_ERROR;
				CLANG_WARN_EMPTY_BODY = YES;
				CLANG_WARN_ENUM_CONVERSION = YES;
				CLANG_WARN_INFINITE_RECURSION = YES;
				CLANG_WARN_INT_CONVERSION = YES;
				CLANG_WARN_NON_LITERAL_NULL_CONVERSION = YES;
				CLANG_WARN_OBJC_IMPLICIT_RETAIN_SELF = YES;
				CLANG_WARN_OBJC_LITERAL_CONVERSION = YES;
				CLANG_WARN_OBJC_ROOT_CLASS = YES_ERROR;
				CLANG_WARN_RANGE_LOOP_ANALYSIS = YES;
				CLANG_WARN_STRICT_PROTOTYPES = YES;
				CLANG_WARN_SUSPICIOUS_MOVE = YES;
				CLANG_WARN_UNREACHABLE_CODE = YES;
				CLANG_WARN__DUPLICATE_METHOD_MATCH = YES;
				"CODE_SIGN_IDENTITY[sdk=iphoneos*]" = "iPhone Developer";
				COPY_PHASE_STRIP = YES;
				ENABLE_NS_ASSERTIONS = NO;
				ENABLE_STRICT_OBJC_MSGSEND = YES;
				GCC_C_LANGUAGE_STANDARD = gnu99;
				GCC_NO_COMMON_BLOCKS = YES;
				GCC_WARN_64_TO_32_BIT_CONVERSION = YES;
				GCC_WARN_ABOUT_RETURN_TYPE = YES_ERROR;
				GCC_WARN_UNDECLARED_SELECTOR = YES;
				GCC_WARN_UNINITIALIZED_AUTOS = YES_AGGRESSIVE;
				GCC_WARN_UNUSED_FUNCTION = YES;
				GCC_WARN_UNUSED_VARIABLE = YES;
				IPHONEOS_DEPLOYMENT_TARGET = 9.0;
				MTL_ENABLE_DEBUG_INFO = NO;
				SDKROOT = iphoneos;
				VALIDATE_PRODUCT = YES;
			};
			name = Release;
		};
/* End XCBuildConfiguration section */

/* Begin XCConfigurationList section */
		00E357021AD99517003FC87E /* Build configuration list for PBXNativeTarget "openhouse2020Tests" */ = {
			isa = XCConfigurationList;
			buildConfigurations = (
				00E356F61AD99517003FC87E /* Debug */,
				00E356F71AD99517003FC87E /* Release */,
			);
			defaultConfigurationIsVisible = 0;
			defaultConfigurationName = Release;
		};
		13B07F931A680F5B00A75B9A /* Build configuration list for PBXNativeTarget "openhouse2020" */ = {
			isa = XCConfigurationList;
			buildConfigurations = (
				13B07F941A680F5B00A75B9A /* Debug */,
				13B07F951A680F5B00A75B9A /* Release */,
			);
			defaultConfigurationIsVisible = 0;
			defaultConfigurationName = Release;
		};
		2D02E4BA1E0B4A5E006451C7 /* Build configuration list for PBXNativeTarget "openhouse2020-tvOS" */ = {
			isa = XCConfigurationList;
			buildConfigurations = (
				2D02E4971E0B4A5E006451C7 /* Debug */,
				2D02E4981E0B4A5E006451C7 /* Release */,
			);
			defaultConfigurationIsVisible = 0;
			defaultConfigurationName = Release;
		};
		2D02E4BB1E0B4A5E006451C7 /* Build configuration list for PBXNativeTarget "openhouse2020-tvOSTests" */ = {
			isa = XCConfigurationList;
			buildConfigurations = (
				2D02E4991E0B4A5E006451C7 /* Debug */,
				2D02E49A1E0B4A5E006451C7 /* Release */,
			);
			defaultConfigurationIsVisible = 0;
			defaultConfigurationName = Release;
		};
		83CBB9FA1A601CBA00E9B192 /* Build configuration list for PBXProject "openhouse2020" */ = {
			isa = XCConfigurationList;
			buildConfigurations = (
				83CBBA201A601CBA00E9B192 /* Debug */,
				83CBBA211A601CBA00E9B192 /* Release */,
			);
			defaultConfigurationIsVisible = 0;
			defaultConfigurationName = Release;
		};
/* End XCConfigurationList section */
	};
	rootObject = 83CBB9F71A601CBA00E9B192 /* Project object */;
}
